// !$*UTF8*$!
{
	archiveVersion = 1;
	classes = {
	};
	objectVersion = 77;
	objects = {

/* Begin PBXBuildFile section */
		05CB9EAE1D73BDD890303FCB /* DomainWordSetsView.swift in Sources */ = {isa = PBXBuildFile; fileRef = 30A925CEF46EAE98B305EE2F /* DomainWordSetsView.swift */; };
		0A2D625B3801577766E212C9 /* HotkeyManager.swift in Sources */ = {isa = PBXBuildFile; fileRef = 5AFD166DED444EBCF307FDDA /* HotkeyManager.swift */; };
		0EA3957978BA430A830A1C27 /* DomainWordSetsTests.swift in Sources */ = {isa = PBXBuildFile; fileRef = B48FF363E27D0D8CDE8AF192 /* DomainWordSetsTests.swift */; };
		15E0D568E0897FE82CB91F72 /* MenuBarView.swift in Sources */ = {isa = PBXBuildFile; fileRef = C7B236933B50972D6729D5EC /* MenuBarView.swift */; };
		1913080E4DB1C19A44287953 /* OpenAIModels.swift in Sources */ = {isa = PBXBuildFile; fileRef = AB17A841163502DB2FA42B22 /* OpenAIModels.swift */; };
		1DD5E9A2F30FBE5B45598E78 /* LocalLLMProvider.swift in Sources */ = {isa = PBXBuildFile; fileRef = B433BDE48CE64AA77309D63F /* LocalLLMProvider.swift */; };
		202F6C2F99143707D41E2A43 /* AppSettingsTests.swift in Sources */ = {isa = PBXBuildFile; fileRef = D343FCC54348C924624EB13F /* AppSettingsTests.swift */; };
		208672EEDED3E9810620034C /* AGENTS.md in Resources */ = {isa = PBXBuildFile; fileRef = A3D1FABE52C6F94C2DE438D4 /* AGENTS.md */; };
		2B9E829D1006A28F79510D56 /* Assets.xcassets in Resources */ = {isa = PBXBuildFile; fileRef = 4B1EC9CEB35C452CFEAF3E5D /* Assets.xcassets */; };
		2F9E1ED1C94BCA193E792FBC /* CodexAuthService.swift in Sources */ = {isa = PBXBuildFile; fileRef = 1CBA7A89F80AAA3F6E0385FA /* CodexAuthService.swift */; };
		30452E680173D05C5B3B9E3E /* QuickFixService.swift in Sources */ = {isa = PBXBuildFile; fileRef = 35AB58FD5CE5497AA1C5AB81 /* QuickFixService.swift */; };
		4313772CAC46BD0FB1C6C85D /* TextInsertionService.swift in Sources */ = {isa = PBXBuildFile; fileRef = 8DE47DAECDE04AF4AAD61866 /* TextInsertionService.swift */; };
		483DFEC06384B5C757C2734A /* GeneralSettingsView.swift in Sources */ = {isa = PBXBuildFile; fileRef = B205D4A64764C1582C642B97 /* GeneralSettingsView.swift */; };
		4CD2D791D284B3B6913B0E1D /* OAuthService.swift in Sources */ = {isa = PBXBuildFile; fileRef = 10DC5287A7529EA1D9D1EA4F /* OAuthService.swift */; };
		4D536067E06B6EFD6AD848F7 /* KeyboardShortcuts in Frameworks */ = {isa = PBXBuildFile; productRef = E22B958C0AEE6456673185B8 /* KeyboardShortcuts */; };
		4ED5A88E306A90297500D119 /* OpenAIProvider.swift in Sources */ = {isa = PBXBuildFile; fileRef = 29F492A25A603FD850272141 /* OpenAIProvider.swift */; };
		5F4F66B9F3896A6AFE08C39D /* MLXAudioProvider.swift in Sources */ = {isa = PBXBuildFile; fileRef = 63604BC9716C2595132993F4 /* MLXAudioProvider.swift */; };
		602615FF04CB98538947AF2D /* WhispreeApp.swift in Sources */ = {isa = PBXBuildFile; fileRef = 36E5EEAD78388A3EB877D92F /* WhispreeApp.swift */; };
		676E62A897500A31AC3510E9 /* NoneProvider.swift in Sources */ = {isa = PBXBuildFile; fileRef = 27932DE531DF79D340654FC6 /* NoneProvider.swift */; };
		690420F488D61ABC4777CD18 /* WhisperKitProvider.swift in Sources */ = {isa = PBXBuildFile; fileRef = 3AE6FB34EFBBC1522A0CAA70 /* WhisperKitProvider.swift */; };
		6FD35A82A3BB5F79908A4062 /* CorrectionPrompts.swift in Sources */ = {isa = PBXBuildFile; fileRef = E6949EA9D27CCDDAA2CC6098 /* CorrectionPrompts.swift */; };
		7319422E979CEEAF7EB98FB5 /* PipelineE2ETests.swift in Sources */ = {isa = PBXBuildFile; fileRef = C0727B73921C366DAF162457 /* PipelineE2ETests.swift */; };
		7B56A5400F33035682EC04F6 /* AppState.swift in Sources */ = {isa = PBXBuildFile; fileRef = 64832D70BCCBAC8D3216EA16 /* AppState.swift */; };
		7F5C5EEABAA0135FD98D03DE /* LLMService.swift in Sources */ = {isa = PBXBuildFile; fileRef = C9AEB6091882CA8CA0051EDB /* LLMService.swift */; };
		8203C7B755CDAA08F1310B7B /* STTProvider.swift in Sources */ = {isa = PBXBuildFile; fileRef = C386426E67FE712EB526F111 /* STTProvider.swift */; };
		821D12B266922A5C639E36CB /* LLMSettingsView.swift in Sources */ = {isa = PBXBuildFile; fileRef = B3783A9A455D09EA7A95C79C /* LLMSettingsView.swift */; };
		82A9008F865620FF42E82C9E /* DomainWordSets.swift in Sources */ = {isa = PBXBuildFile; fileRef = CEC5685E2D4D82708E706BC1 /* DomainWordSets.swift */; };
		8349775A65BD2128E34255F8 /* LLMProvider.swift in Sources */ = {isa = PBXBuildFile; fileRef = 715572BF216A3668E95407DD /* LLMProvider.swift */; };
		83885B729CC4EF8F8EECEF08 /* GroqSTTProvider.swift in Sources */ = {isa = PBXBuildFile; fileRef = 3B54F7B36E8A95469974EDD9 /* GroqSTTProvider.swift */; };
		857EF831414B9FB459385C72 /* ModelManager.swift in Sources */ = {isa = PBXBuildFile; fileRef = E68A0B19E551AC72E230641D /* ModelManager.swift */; };
		88DF7FF799F7AEE206C357D2 /* AppSettings.swift in Sources */ = {isa = PBXBuildFile; fileRef = 0C51865259BDFD05C21D171A /* AppSettings.swift */; };
		8979BF5678E5ABAD076097F2 /* MLXLLM in Frameworks */ = {isa = PBXBuildFile; productRef = B1665F79F8C6E6EE7C221B88 /* MLXLLM */; };
		9457858844F99B60042E5617 /* UnifiedView.swift in Sources */ = {isa = PBXBuildFile; fileRef = 08C7230E61DF9065A7A6C2FA /* UnifiedView.swift */; };
		96EDE2730A1EF8CB1A84E58B /* QuickFixPanelView.swift in Sources */ = {isa = PBXBuildFile; fileRef = 202AA05BBC4F8ED35D2053EB /* QuickFixPanelView.swift */; };
		A387DF9F9196AE93828C5764 /* MLXLMCommon in Frameworks */ = {isa = PBXBuildFile; productRef = 96BFCA699A3C10406C60F1AA /* MLXLMCommon */; };
		AA6E79F2EBC5FD5CE41ED373 /* AudioServiceTests.swift in Sources */ = {isa = PBXBuildFile; fileRef = D283B40424991AAE92210BEB /* AudioServiceTests.swift */; };
		AB3024C63A4F4A91E18AC7A1 /* AudioService.swift in Sources */ = {isa = PBXBuildFile; fileRef = 2AB81832DD9CD642DEDBA98F /* AudioService.swift */; };
		B83B39770251FFCAD9815FAE /* ModelInfo.swift in Sources */ = {isa = PBXBuildFile; fileRef = C7DD8B8B188CB44902BBCE82 /* ModelInfo.swift */; };
		BA2BD73FAB531B245C440C51 /* OnboardingView.swift in Sources */ = {isa = PBXBuildFile; fileRef = 5B5A8D0A52946DE5F11AA2F7 /* OnboardingView.swift */; };
		BF70833CF5BCD708D861C9C0 /* MainDashboardView.swift in Sources */ = {isa = PBXBuildFile; fileRef = 49F39F8149E5767C91BE64A4 /* MainDashboardView.swift */; };
		C5C1A041CEDB353D25DD9F21 /* LaunchAtLogin in Frameworks */ = {isa = PBXBuildFile; productRef = BB46F89D447827481991D44B /* LaunchAtLogin */; };
		CA8C7A774D69110C1B259F81 /* RecordingCoordinator.swift in Sources */ = {isa = PBXBuildFile; fileRef = 094E3E0F3362A36A11DCF16D /* RecordingCoordinator.swift */; };
		D3E89AFE7CB9E67F14473C02 /* TranscriptionHistoryView.swift in Sources */ = {isa = PBXBuildFile; fileRef = 4D698193154230750F5B9E1E /* TranscriptionHistoryView.swift */; };
		DD4D806C0EF5D3FBF3A67E36 /* STTService.swift in Sources */ = {isa = PBXBuildFile; fileRef = D5289E79A211F3F361D41BBB /* STTService.swift */; };
		DE378C5C601D476782F8A65A /* SettingsView.swift in Sources */ = {isa = PBXBuildFile; fileRef = 665171FE5EE58490AEB49200 /* SettingsView.swift */; };
		DEED0A5AE89033EEF6883CB5 /* TranscriptionOverlayView.swift in Sources */ = {isa = PBXBuildFile; fileRef = E156177D267905E4110AB9F2 /* TranscriptionOverlayView.swift */; };
		DF4499DDD3F825EA733D9F41 /* WhisperKit in Frameworks */ = {isa = PBXBuildFile; productRef = 8E44B704F327B1E4B1889646 /* WhisperKit */; };
		E14980494CC4179D36722483 /* ModelSettingsView.swift in Sources */ = {isa = PBXBuildFile; fileRef = B076C149805CC07066290A9E /* ModelSettingsView.swift */; };
		E1CC9E149A7FEAAAD5D54781 /* STTSettingsView.swift in Sources */ = {isa = PBXBuildFile; fileRef = B8D3F576D80F55D1254E0EE9 /* STTSettingsView.swift */; };
		F0475A68AB971C9FF54F7285 /* Constants.swift in Sources */ = {isa = PBXBuildFile; fileRef = A9672108AE0679ED1F47782C /* Constants.swift */; };
		F094FD590862B2032D6EDAF5 /* TranscriptionState.swift in Sources */ = {isa = PBXBuildFile; fileRef = E424842A87A63D92FE9EC6DC /* TranscriptionState.swift */; };
		F6250E7C199C95DC7C0745C4 /* AppDelegate.swift in Sources */ = {isa = PBXBuildFile; fileRef = 664B302C0599CD1FEBD809CC /* AppDelegate.swift */; };
		F83E50CE1DE79EE56CE51D03 /* LLMServiceTests.swift in Sources */ = {isa = PBXBuildFile; fileRef = 3325A26D56BD15A4072336CA /* LLMServiceTests.swift */; };
/* End PBXBuildFile section */

/* Begin PBXContainerItemProxy section */
		8CB3D3718CB82C8A30DE5524 /* PBXContainerItemProxy */ = {
			isa = PBXContainerItemProxy;
			containerPortal = 98E9AED0D47EDB9A12A8E0FD /* Project object */;
			proxyType = 1;
			remoteGlobalIDString = 6133ECFF95BE82CA88E148DD;
			remoteInfo = Whispree;
		};
/* End PBXContainerItemProxy section */

/* Begin PBXFileReference section */
		08C7230E61DF9065A7A6C2FA /* UnifiedView.swift */ = {isa = PBXFileReference; lastKnownFileType = sourcecode.swift; path = UnifiedView.swift; sourceTree = "<group>"; };
		094E3E0F3362A36A11DCF16D /* RecordingCoordinator.swift */ = {isa = PBXFileReference; lastKnownFileType = sourcecode.swift; path = RecordingCoordinator.swift; sourceTree = "<group>"; };
		0C51865259BDFD05C21D171A /* AppSettings.swift */ = {isa = PBXFileReference; lastKnownFileType = sourcecode.swift; path = AppSettings.swift; sourceTree = "<group>"; };
		10DC5287A7529EA1D9D1EA4F /* OAuthService.swift */ = {isa = PBXFileReference; lastKnownFileType = sourcecode.swift; path = OAuthService.swift; sourceTree = "<group>"; };
		1CBA7A89F80AAA3F6E0385FA /* CodexAuthService.swift */ = {isa = PBXFileReference; lastKnownFileType = sourcecode.swift; path = CodexAuthService.swift; sourceTree = "<group>"; };
		202AA05BBC4F8ED35D2053EB /* QuickFixPanelView.swift */ = {isa = PBXFileReference; lastKnownFileType = sourcecode.swift; path = QuickFixPanelView.swift; sourceTree = "<group>"; };
		27932DE531DF79D340654FC6 /* NoneProvider.swift */ = {isa = PBXFileReference; lastKnownFileType = sourcecode.swift; path = NoneProvider.swift; sourceTree = "<group>"; };
		29F492A25A603FD850272141 /* OpenAIProvider.swift */ = {isa = PBXFileReference; lastKnownFileType = sourcecode.swift; path = OpenAIProvider.swift; sourceTree = "<group>"; };
		2AB81832DD9CD642DEDBA98F /* AudioService.swift */ = {isa = PBXFileReference; lastKnownFileType = sourcecode.swift; path = AudioService.swift; sourceTree = "<group>"; };
		30A925CEF46EAE98B305EE2F /* DomainWordSetsView.swift */ = {isa = PBXFileReference; lastKnownFileType = sourcecode.swift; path = DomainWordSetsView.swift; sourceTree = "<group>"; };
		32FCD9FF08487ED303EA3956 /* WhispreeTests.xctest */ = {isa = PBXFileReference; explicitFileType = wrapper.cfbundle; includeInIndex = 0; path = WhispreeTests.xctest; sourceTree = BUILT_PRODUCTS_DIR; };
		3325A26D56BD15A4072336CA /* LLMServiceTests.swift */ = {isa = PBXFileReference; lastKnownFileType = sourcecode.swift; path = LLMServiceTests.swift; sourceTree = "<group>"; };
		35AB58FD5CE5497AA1C5AB81 /* QuickFixService.swift */ = {isa = PBXFileReference; lastKnownFileType = sourcecode.swift; path = QuickFixService.swift; sourceTree = "<group>"; };
		36E5EEAD78388A3EB877D92F /* WhispreeApp.swift */ = {isa = PBXFileReference; lastKnownFileType = sourcecode.swift; path = WhispreeApp.swift; sourceTree = "<group>"; };
		3AE6FB34EFBBC1522A0CAA70 /* WhisperKitProvider.swift */ = {isa = PBXFileReference; lastKnownFileType = sourcecode.swift; path = WhisperKitProvider.swift; sourceTree = "<group>"; };
		3B54F7B36E8A95469974EDD9 /* GroqSTTProvider.swift */ = {isa = PBXFileReference; lastKnownFileType = sourcecode.swift; path = GroqSTTProvider.swift; sourceTree = "<group>"; };
		49F39F8149E5767C91BE64A4 /* MainDashboardView.swift */ = {isa = PBXFileReference; lastKnownFileType = sourcecode.swift; path = MainDashboardView.swift; sourceTree = "<group>"; };
		4B1EC9CEB35C452CFEAF3E5D /* Assets.xcassets */ = {isa = PBXFileReference; lastKnownFileType = folder.assetcatalog; path = Assets.xcassets; sourceTree = "<group>"; };
		4D698193154230750F5B9E1E /* TranscriptionHistoryView.swift */ = {isa = PBXFileReference; lastKnownFileType = sourcecode.swift; path = TranscriptionHistoryView.swift; sourceTree = "<group>"; };
		5AFD166DED444EBCF307FDDA /* HotkeyManager.swift */ = {isa = PBXFileReference; lastKnownFileType = sourcecode.swift; path = HotkeyManager.swift; sourceTree = "<group>"; };
		5B5A8D0A52946DE5F11AA2F7 /* OnboardingView.swift */ = {isa = PBXFileReference; lastKnownFileType = sourcecode.swift; path = OnboardingView.swift; sourceTree = "<group>"; };
		63604BC9716C2595132993F4 /* MLXAudioProvider.swift */ = {isa = PBXFileReference; lastKnownFileType = sourcecode.swift; path = MLXAudioProvider.swift; sourceTree = "<group>"; };
		64832D70BCCBAC8D3216EA16 /* AppState.swift */ = {isa = PBXFileReference; lastKnownFileType = sourcecode.swift; path = AppState.swift; sourceTree = "<group>"; };
		664B302C0599CD1FEBD809CC /* AppDelegate.swift */ = {isa = PBXFileReference; lastKnownFileType = sourcecode.swift; path = AppDelegate.swift; sourceTree = "<group>"; };
		665171FE5EE58490AEB49200 /* SettingsView.swift */ = {isa = PBXFileReference; lastKnownFileType = sourcecode.swift; path = SettingsView.swift; sourceTree = "<group>"; };
		715572BF216A3668E95407DD /* LLMProvider.swift */ = {isa = PBXFileReference; lastKnownFileType = sourcecode.swift; path = LLMProvider.swift; sourceTree = "<group>"; };
		8DE47DAECDE04AF4AAD61866 /* TextInsertionService.swift */ = {isa = PBXFileReference; lastKnownFileType = sourcecode.swift; path = TextInsertionService.swift; sourceTree = "<group>"; };
		A10AB5F3C91128FC67F5FFB3 /* Whispree.entitlements */ = {isa = PBXFileReference; lastKnownFileType = text.plist.entitlements; path = Whispree.entitlements; sourceTree = "<group>"; };
		A3D1FABE52C6F94C2DE438D4 /* AGENTS.md */ = {isa = PBXFileReference; lastKnownFileType = net.daringfireball.markdown; path = AGENTS.md; sourceTree = "<group>"; };
		A5F99EF1A7E52AB9FEFA4965 /* Info.plist */ = {isa = PBXFileReference; lastKnownFileType = text.plist; path = Info.plist; sourceTree = "<group>"; };
		A9672108AE0679ED1F47782C /* Constants.swift */ = {isa = PBXFileReference; lastKnownFileType = sourcecode.swift; path = Constants.swift; sourceTree = "<group>"; };
		AB17A841163502DB2FA42B22 /* OpenAIModels.swift */ = {isa = PBXFileReference; lastKnownFileType = sourcecode.swift; path = OpenAIModels.swift; sourceTree = "<group>"; };
		B076C149805CC07066290A9E /* ModelSettingsView.swift */ = {isa = PBXFileReference; lastKnownFileType = sourcecode.swift; path = ModelSettingsView.swift; sourceTree = "<group>"; };
		B205D4A64764C1582C642B97 /* GeneralSettingsView.swift */ = {isa = PBXFileReference; lastKnownFileType = sourcecode.swift; path = GeneralSettingsView.swift; sourceTree = "<group>"; };
		B3783A9A455D09EA7A95C79C /* LLMSettingsView.swift */ = {isa = PBXFileReference; lastKnownFileType = sourcecode.swift; path = LLMSettingsView.swift; sourceTree = "<group>"; };
		B433BDE48CE64AA77309D63F /* LocalLLMProvider.swift */ = {isa = PBXFileReference; lastKnownFileType = sourcecode.swift; path = LocalLLMProvider.swift; sourceTree = "<group>"; };
		B48FF363E27D0D8CDE8AF192 /* DomainWordSetsTests.swift */ = {isa = PBXFileReference; lastKnownFileType = sourcecode.swift; path = DomainWordSetsTests.swift; sourceTree = "<group>"; };
		B8D3F576D80F55D1254E0EE9 /* STTSettingsView.swift */ = {isa = PBXFileReference; lastKnownFileType = sourcecode.swift; path = STTSettingsView.swift; sourceTree = "<group>"; };
		C0727B73921C366DAF162457 /* PipelineE2ETests.swift */ = {isa = PBXFileReference; lastKnownFileType = sourcecode.swift; path = PipelineE2ETests.swift; sourceTree = "<group>"; };
		C386426E67FE712EB526F111 /* STTProvider.swift */ = {isa = PBXFileReference; lastKnownFileType = sourcecode.swift; path = STTProvider.swift; sourceTree = "<group>"; };
		C7B236933B50972D6729D5EC /* MenuBarView.swift */ = {isa = PBXFileReference; lastKnownFileType = sourcecode.swift; path = MenuBarView.swift; sourceTree = "<group>"; };
		C7DD8B8B188CB44902BBCE82 /* ModelInfo.swift */ = {isa = PBXFileReference; lastKnownFileType = sourcecode.swift; path = ModelInfo.swift; sourceTree = "<group>"; };
		C9AEB6091882CA8CA0051EDB /* LLMService.swift */ = {isa = PBXFileReference; lastKnownFileType = sourcecode.swift; path = LLMService.swift; sourceTree = "<group>"; };
		CEC5685E2D4D82708E706BC1 /* DomainWordSets.swift */ = {isa = PBXFileReference; lastKnownFileType = sourcecode.swift; path = DomainWordSets.swift; sourceTree = "<group>"; };
		D283B40424991AAE92210BEB /* AudioServiceTests.swift */ = {isa = PBXFileReference; lastKnownFileType = sourcecode.swift; path = AudioServiceTests.swift; sourceTree = "<group>"; };
		D293DF7DF2D0071D59D02022 /* Whispree.app */ = {isa = PBXFileReference; explicitFileType = wrapper.application; includeInIndex = 0; path = Whispree.app; sourceTree = BUILT_PRODUCTS_DIR; };
		D343FCC54348C924624EB13F /* AppSettingsTests.swift */ = {isa = PBXFileReference; lastKnownFileType = sourcecode.swift; path = AppSettingsTests.swift; sourceTree = "<group>"; };
		D5289E79A211F3F361D41BBB /* STTService.swift */ = {isa = PBXFileReference; lastKnownFileType = sourcecode.swift; path = STTService.swift; sourceTree = "<group>"; };
		E156177D267905E4110AB9F2 /* TranscriptionOverlayView.swift */ = {isa = PBXFileReference; lastKnownFileType = sourcecode.swift; path = TranscriptionOverlayView.swift; sourceTree = "<group>"; };
		E424842A87A63D92FE9EC6DC /* TranscriptionState.swift */ = {isa = PBXFileReference; lastKnownFileType = sourcecode.swift; path = TranscriptionState.swift; sourceTree = "<group>"; };
		E68A0B19E551AC72E230641D /* ModelManager.swift */ = {isa = PBXFileReference; lastKnownFileType = sourcecode.swift; path = ModelManager.swift; sourceTree = "<group>"; };
		E6949EA9D27CCDDAA2CC6098 /* CorrectionPrompts.swift */ = {isa = PBXFileReference; lastKnownFileType = sourcecode.swift; path = CorrectionPrompts.swift; sourceTree = "<group>"; };
/* End PBXFileReference section */

/* Begin PBXFrameworksBuildPhase section */
		2AE38C55772E6E48D234EF4F /* Frameworks */ = {
			isa = PBXFrameworksBuildPhase;
			buildActionMask = 2147483647;
			files = (
				DF4499DDD3F825EA733D9F41 /* WhisperKit in Frameworks */,
				8979BF5678E5ABAD076097F2 /* MLXLLM in Frameworks */,
				A387DF9F9196AE93828C5764 /* MLXLMCommon in Frameworks */,
				4D536067E06B6EFD6AD848F7 /* KeyboardShortcuts in Frameworks */,
				C5C1A041CEDB353D25DD9F21 /* LaunchAtLogin in Frameworks */,
			);
			runOnlyForDeploymentPostprocessing = 0;
		};
/* End PBXFrameworksBuildPhase section */

/* Begin PBXGroup section */
		08C71FB583529928A33D0277 /* Whispree */ = {
			isa = PBXGroup;
			children = (
				76E2CBE1AC0A2C8C058CCF64 /* App */,
				9F9CE27965E1B54F3F0FF945 /* Coordinators */,
				0E40C2FF71B2765F964D0C34 /* Models */,
				EA5708EF224D5A60C2CDBA50 /* Resources */,
				B45A47B127D95F3510819099 /* Services */,
				CE13D04D2A94F766BC5C8238 /* Views */,
			);
			path = Whispree;
			sourceTree = "<group>";
		};
		0E40C2FF71B2765F964D0C34 /* Models */ = {
			isa = PBXGroup;
			children = (
				0C51865259BDFD05C21D171A /* AppSettings.swift */,
				CEC5685E2D4D82708E706BC1 /* DomainWordSets.swift */,
				C7DD8B8B188CB44902BBCE82 /* ModelInfo.swift */,
				AB17A841163502DB2FA42B22 /* OpenAIModels.swift */,
				E424842A87A63D92FE9EC6DC /* TranscriptionState.swift */,
			);
			path = Models;
			sourceTree = "<group>";
		};
		117BAA1D397610B6E50BD4B6 /* LLM */ = {
			isa = PBXGroup;
			children = (
				E6949EA9D27CCDDAA2CC6098 /* CorrectionPrompts.swift */,
				715572BF216A3668E95407DD /* LLMProvider.swift */,
				C9AEB6091882CA8CA0051EDB /* LLMService.swift */,
				B433BDE48CE64AA77309D63F /* LocalLLMProvider.swift */,
				27932DE531DF79D340654FC6 /* NoneProvider.swift */,
				29F492A25A603FD850272141 /* OpenAIProvider.swift */,
			);
			path = LLM;
			sourceTree = "<group>";
		};
		234AD06F9D4FD856A63EBFCD /* WhispreeTests */ = {
			isa = PBXGroup;
			children = (
				A3D1FABE52C6F94C2DE438D4 /* AGENTS.md */,
				AEA94E8DD710B70B9033230D /* E2E */,
				FCB106A415174B47204506A5 /* Models */,
				4305E29A6C119162C4C36BBC /* Services */,
			);
			path = WhispreeTests;
			sourceTree = "<group>";
		};
		38BD2863E75C67CDAEF080AB /* Hotkey */ = {
			isa = PBXGroup;
			children = (
				5AFD166DED444EBCF307FDDA /* HotkeyManager.swift */,
			);
			path = Hotkey;
			sourceTree = "<group>";
		};
		4305E29A6C119162C4C36BBC /* Services */ = {
			isa = PBXGroup;
			children = (
				D283B40424991AAE92210BEB /* AudioServiceTests.swift */,
				3325A26D56BD15A4072336CA /* LLMServiceTests.swift */,
			);
			path = Services;
			sourceTree = "<group>";
		};
		5AA32B03B89BEED1806C052D = {
			isa = PBXGroup;
			children = (
				08C71FB583529928A33D0277 /* Whispree */,
				234AD06F9D4FD856A63EBFCD /* WhispreeTests */,
				974A645C04ED193F631D848F /* Products */,
			);
			sourceTree = "<group>";
		};
		5BFE75164D600574DB56B14A /* QuickFix */ = {
			isa = PBXGroup;
			children = (
				35AB58FD5CE5497AA1C5AB81 /* QuickFixService.swift */,
			);
			path = QuickFix;
			sourceTree = "<group>";
		};
		693098A21AD338F3654480A8 /* Settings */ = {
			isa = PBXGroup;
			children = (
				30A925CEF46EAE98B305EE2F /* DomainWordSetsView.swift */,
				B205D4A64764C1582C642B97 /* GeneralSettingsView.swift */,
				B3783A9A455D09EA7A95C79C /* LLMSettingsView.swift */,
				B076C149805CC07066290A9E /* ModelSettingsView.swift */,
				665171FE5EE58490AEB49200 /* SettingsView.swift */,
				B8D3F576D80F55D1254E0EE9 /* STTSettingsView.swift */,
			);
			path = Settings;
			sourceTree = "<group>";
		};
		76E2CBE1AC0A2C8C058CCF64 /* App */ = {
			isa = PBXGroup;
			children = (
				664B302C0599CD1FEBD809CC /* AppDelegate.swift */,
				64832D70BCCBAC8D3216EA16 /* AppState.swift */,
				A9672108AE0679ED1F47782C /* Constants.swift */,
				36E5EEAD78388A3EB877D92F /* WhispreeApp.swift */,
			);
			path = App;
			sourceTree = "<group>";
		};
		7DB2041E624B339BD9D190DF /* STT */ = {
			isa = PBXGroup;
			children = (
				3B54F7B36E8A95469974EDD9 /* GroqSTTProvider.swift */,
				63604BC9716C2595132993F4 /* MLXAudioProvider.swift */,
				C386426E67FE712EB526F111 /* STTProvider.swift */,
				D5289E79A211F3F361D41BBB /* STTService.swift */,
				3AE6FB34EFBBC1522A0CAA70 /* WhisperKitProvider.swift */,
			);
			path = STT;
			sourceTree = "<group>";
		};
		8336ABC78598928F40C42D52 /* Dashboard */ = {
			isa = PBXGroup;
			children = (
				49F39F8149E5767C91BE64A4 /* MainDashboardView.swift */,
			);
			path = Dashboard;
			sourceTree = "<group>";
		};
		8E8A978E5AB6D1B5352D5B63 /* Audio */ = {
			isa = PBXGroup;
			children = (
				2AB81832DD9CD642DEDBA98F /* AudioService.swift */,
			);
			path = Audio;
			sourceTree = "<group>";
		};
		94E62DD4E9F3BCEE7967F1D1 /* Onboarding */ = {
			isa = PBXGroup;
			children = (
				5B5A8D0A52946DE5F11AA2F7 /* OnboardingView.swift */,
			);
			path = Onboarding;
			sourceTree = "<group>";
		};
		974A645C04ED193F631D848F /* Products */ = {
			isa = PBXGroup;
			children = (
				D293DF7DF2D0071D59D02022 /* Whispree.app */,
				32FCD9FF08487ED303EA3956 /* WhispreeTests.xctest */,
			);
			name = Products;
			sourceTree = "<group>";
		};
		9959679261FDA5DD190D45F1 /* Auth */ = {
			isa = PBXGroup;
			children = (
				1CBA7A89F80AAA3F6E0385FA /* CodexAuthService.swift */,
				10DC5287A7529EA1D9D1EA4F /* OAuthService.swift */,
			);
			path = Auth;
			sourceTree = "<group>";
		};
		9F9CE27965E1B54F3F0FF945 /* Coordinators */ = {
			isa = PBXGroup;
			children = (
				094E3E0F3362A36A11DCF16D /* RecordingCoordinator.swift */,
			);
			path = Coordinators;
			sourceTree = "<group>";
		};
		AEA94E8DD710B70B9033230D /* E2E */ = {
			isa = PBXGroup;
			children = (
				C0727B73921C366DAF162457 /* PipelineE2ETests.swift */,
			);
			path = E2E;
			sourceTree = "<group>";
		};
		B1C16043736C0A9E960B8FE2 /* MenuBar */ = {
			isa = PBXGroup;
			children = (
				C7B236933B50972D6729D5EC /* MenuBarView.swift */,
			);
			path = MenuBar;
			sourceTree = "<group>";
		};
		B21BC33123652130DC48197A /* TextInsertion */ = {
			isa = PBXGroup;
			children = (
				8DE47DAECDE04AF4AAD61866 /* TextInsertionService.swift */,
			);
			path = TextInsertion;
			sourceTree = "<group>";
		};
		B45A47B127D95F3510819099 /* Services */ = {
			isa = PBXGroup;
			children = (
				8E8A978E5AB6D1B5352D5B63 /* Audio */,
				9959679261FDA5DD190D45F1 /* Auth */,
				38BD2863E75C67CDAEF080AB /* Hotkey */,
				117BAA1D397610B6E50BD4B6 /* LLM */,
				DA9B3EAFB703CF1E4B918E3C /* ModelManagement */,
				5BFE75164D600574DB56B14A /* QuickFix */,
				7DB2041E624B339BD9D190DF /* STT */,
				B21BC33123652130DC48197A /* TextInsertion */,
			);
			path = Services;
			sourceTree = "<group>";
		};
		CE13D04D2A94F766BC5C8238 /* Views */ = {
			isa = PBXGroup;
			children = (
				08C7230E61DF9065A7A6C2FA /* UnifiedView.swift */,
				8336ABC78598928F40C42D52 /* Dashboard */,
				B1C16043736C0A9E960B8FE2 /* MenuBar */,
				94E62DD4E9F3BCEE7967F1D1 /* Onboarding */,
				D426F144B5270B7AE6F909E4 /* QuickFix */,
				693098A21AD338F3654480A8 /* Settings */,
				FFE27D295E85A94775C3D66D /* Transcription */,
			);
			path = Views;
			sourceTree = "<group>";
		};
		D426F144B5270B7AE6F909E4 /* QuickFix */ = {
			isa = PBXGroup;
			children = (
				202AA05BBC4F8ED35D2053EB /* QuickFixPanelView.swift */,
			);
			path = QuickFix;
			sourceTree = "<group>";
		};
		DA9B3EAFB703CF1E4B918E3C /* ModelManagement */ = {
			isa = PBXGroup;
			children = (
				E68A0B19E551AC72E230641D /* ModelManager.swift */,
			);
			path = ModelManagement;
			sourceTree = "<group>";
		};
		EA5708EF224D5A60C2CDBA50 /* Resources */ = {
			isa = PBXGroup;
			children = (
				4B1EC9CEB35C452CFEAF3E5D /* Assets.xcassets */,
				A5F99EF1A7E52AB9FEFA4965 /* Info.plist */,
				A10AB5F3C91128FC67F5FFB3 /* Whispree.entitlements */,
			);
			path = Resources;
			sourceTree = "<group>";
		};
		FCB106A415174B47204506A5 /* Models */ = {
			isa = PBXGroup;
			children = (
				D343FCC54348C924624EB13F /* AppSettingsTests.swift */,
				B48FF363E27D0D8CDE8AF192 /* DomainWordSetsTests.swift */,
			);
			path = Models;
			sourceTree = "<group>";
		};
		FFE27D295E85A94775C3D66D /* Transcription */ = {
			isa = PBXGroup;
			children = (
				4D698193154230750F5B9E1E /* TranscriptionHistoryView.swift */,
				E156177D267905E4110AB9F2 /* TranscriptionOverlayView.swift */,
			);
			path = Transcription;
			sourceTree = "<group>";
		};
/* End PBXGroup section */

/* Begin PBXNativeTarget section */
		11CB415C5B6E5A0DD433AAFE /* WhispreeTests */ = {
			isa = PBXNativeTarget;
			buildConfigurationList = CE7815F9B05E444E3A8B65C6 /* Build configuration list for PBXNativeTarget "WhispreeTests" */;
			buildPhases = (
				348ABD24E212D9C179E7DF39 /* Sources */,
				628178A229CD71C1C703563B /* Resources */,
			);
			buildRules = (
			);
			dependencies = (
				2082B205BEAE3EF2FEBD1ECF /* PBXTargetDependency */,
			);
			name = WhispreeTests;
			packageProductDependencies = (
			);
			productName = WhispreeTests;
			productReference = 32FCD9FF08487ED303EA3956 /* WhispreeTests.xctest */;
			productType = "com.apple.product-type.bundle.unit-test";
		};
		6133ECFF95BE82CA88E148DD /* Whispree */ = {
			isa = PBXNativeTarget;
			buildConfigurationList = DA76C590A7EEFA1B9E6274F7 /* Build configuration list for PBXNativeTarget "Whispree" */;
			buildPhases = (
				6D579DD6F37A62F47758BCB7 /* Sources */,
				AE0E92C8FBA56B5A205A02EE /* Resources */,
				2AE38C55772E6E48D234EF4F /* Frameworks */,
				5E616C76B797754C7B0BC57B /* Copy mlx-worker to bundle */,
			);
			buildRules = (
			);
			dependencies = (
			);
			name = Whispree;
			packageProductDependencies = (
				8E44B704F327B1E4B1889646 /* WhisperKit */,
				B1665F79F8C6E6EE7C221B88 /* MLXLLM */,
				96BFCA699A3C10406C60F1AA /* MLXLMCommon */,
				E22B958C0AEE6456673185B8 /* KeyboardShortcuts */,
				BB46F89D447827481991D44B /* LaunchAtLogin */,
			);
			productName = Whispree;
			productReference = D293DF7DF2D0071D59D02022 /* Whispree.app */;
			productType = "com.apple.product-type.application";
		};
/* End PBXNativeTarget section */

/* Begin PBXProject section */
		98E9AED0D47EDB9A12A8E0FD /* Project object */ = {
			isa = PBXProject;
			attributes = {
				BuildIndependentTargetsInParallel = YES;
				LastUpgradeCheck = 1600;
				TargetAttributes = {
					6133ECFF95BE82CA88E148DD = {
						DevelopmentTeam = DRDT2F8525;
						ProvisioningStyle = Automatic;
					};
				};
			};
			buildConfigurationList = E8BBD0C24CC2A9522A86E97F /* Build configuration list for PBXProject "Whispree" */;
			compatibilityVersion = "Xcode 14.0";
			developmentRegion = en;
			hasScannedForEncodings = 0;
			knownRegions = (
				Base,
				en,
			);
			mainGroup = 5AA32B03B89BEED1806C052D;
			minimizedProjectReferenceProxies = 1;
			packageReferences = (
				92539196ED15118278D0DCB2 /* XCRemoteSwiftPackageReference "KeyboardShortcuts" */,
				993FF359E1C39F15BED8443A /* XCRemoteSwiftPackageReference "LaunchAtLogin-Modern" */,
				CE78C99F56207696E4CD02DD /* XCRemoteSwiftPackageReference "WhisperKit" */,
				FE1BE1E2C6DF286E8B563D17 /* XCRemoteSwiftPackageReference "mlx-swift-lm" */,
			);
			preferredProjectObjectVersion = 77;
			projectDirPath = "";
			projectRoot = "";
			targets = (
				6133ECFF95BE82CA88E148DD /* Whispree */,
				11CB415C5B6E5A0DD433AAFE /* WhispreeTests */,
			);
		};
/* End PBXProject section */

/* Begin PBXResourcesBuildPhase section */
		628178A229CD71C1C703563B /* Resources */ = {
			isa = PBXResourcesBuildPhase;
			buildActionMask = 2147483647;
			files = (
				208672EEDED3E9810620034C /* AGENTS.md in Resources */,
			);
			runOnlyForDeploymentPostprocessing = 0;
		};
		AE0E92C8FBA56B5A205A02EE /* Resources */ = {
			isa = PBXResourcesBuildPhase;
			buildActionMask = 2147483647;
			files = (
				2B9E829D1006A28F79510D56 /* Assets.xcassets in Resources */,
			);
			runOnlyForDeploymentPostprocessing = 0;
		};
/* End PBXResourcesBuildPhase section */

/* Begin PBXShellScriptBuildPhase section */
		5E616C76B797754C7B0BC57B /* Copy mlx-worker to bundle */ = {
			isa = PBXShellScriptBuildPhase;
			buildActionMask = 2147483647;
			files = (
			);
			inputFileListPaths = (
			);
			inputPaths = (
			);
			name = "Copy mlx-worker to bundle";
			outputFileListPaths = (
			);
			outputPaths = (
			);
			runOnlyForDeploymentPostprocessing = 0;
			shellPath = /bin/sh;
			shellScript = "mkdir -p \"${BUILT_PRODUCTS_DIR}/${PRODUCT_NAME}.app/Contents/Resources/mlx-worker\"\ncp \"${SRCROOT}/mlx-worker/mlx_worker.py\" \"${BUILT_PRODUCTS_DIR}/${PRODUCT_NAME}.app/Contents/Resources/mlx-worker/\"\ncp \"${SRCROOT}/mlx-worker/pyproject.toml\" \"${BUILT_PRODUCTS_DIR}/${PRODUCT_NAME}.app/Contents/Resources/mlx-worker/\"\n";
		};
/* End PBXShellScriptBuildPhase section */

/* Begin PBXSourcesBuildPhase section */
		348ABD24E212D9C179E7DF39 /* Sources */ = {
			isa = PBXSourcesBuildPhase;
			buildActionMask = 2147483647;
			files = (
				202F6C2F99143707D41E2A43 /* AppSettingsTests.swift in Sources */,
				AA6E79F2EBC5FD5CE41ED373 /* AudioServiceTests.swift in Sources */,
				0EA3957978BA430A830A1C27 /* DomainWordSetsTests.swift in Sources */,
				F83E50CE1DE79EE56CE51D03 /* LLMServiceTests.swift in Sources */,
				7319422E979CEEAF7EB98FB5 /* PipelineE2ETests.swift in Sources */,
			);
			runOnlyForDeploymentPostprocessing = 0;
		};
		6D579DD6F37A62F47758BCB7 /* Sources */ = {
			isa = PBXSourcesBuildPhase;
			buildActionMask = 2147483647;
			files = (
				F6250E7C199C95DC7C0745C4 /* AppDelegate.swift in Sources */,
				88DF7FF799F7AEE206C357D2 /* AppSettings.swift in Sources */,
				7B56A5400F33035682EC04F6 /* AppState.swift in Sources */,
				AB3024C63A4F4A91E18AC7A1 /* AudioService.swift in Sources */,
				2F9E1ED1C94BCA193E792FBC /* CodexAuthService.swift in Sources */,
				F0475A68AB971C9FF54F7285 /* Constants.swift in Sources */,
				6FD35A82A3BB5F79908A4062 /* CorrectionPrompts.swift in Sources */,
				82A9008F865620FF42E82C9E /* DomainWordSets.swift in Sources */,
				05CB9EAE1D73BDD890303FCB /* DomainWordSetsView.swift in Sources */,
				483DFEC06384B5C757C2734A /* GeneralSettingsView.swift in Sources */,
				83885B729CC4EF8F8EECEF08 /* GroqSTTProvider.swift in Sources */,
				0A2D625B3801577766E212C9 /* HotkeyManager.swift in Sources */,
				8349775A65BD2128E34255F8 /* LLMProvider.swift in Sources */,
				7F5C5EEABAA0135FD98D03DE /* LLMService.swift in Sources */,
				821D12B266922A5C639E36CB /* LLMSettingsView.swift in Sources */,
				1DD5E9A2F30FBE5B45598E78 /* LocalLLMProvider.swift in Sources */,
				5F4F66B9F3896A6AFE08C39D /* MLXAudioProvider.swift in Sources */,
				BF70833CF5BCD708D861C9C0 /* MainDashboardView.swift in Sources */,
				15E0D568E0897FE82CB91F72 /* MenuBarView.swift in Sources */,
				B83B39770251FFCAD9815FAE /* ModelInfo.swift in Sources */,
				857EF831414B9FB459385C72 /* ModelManager.swift in Sources */,
				E14980494CC4179D36722483 /* ModelSettingsView.swift in Sources */,
				676E62A897500A31AC3510E9 /* NoneProvider.swift in Sources */,
				4CD2D791D284B3B6913B0E1D /* OAuthService.swift in Sources */,
				BA2BD73FAB531B245C440C51 /* OnboardingView.swift in Sources */,
				1913080E4DB1C19A44287953 /* OpenAIModels.swift in Sources */,
				4ED5A88E306A90297500D119 /* OpenAIProvider.swift in Sources */,
				96EDE2730A1EF8CB1A84E58B /* QuickFixPanelView.swift in Sources */,
				30452E680173D05C5B3B9E3E /* QuickFixService.swift in Sources */,
				CA8C7A774D69110C1B259F81 /* RecordingCoordinator.swift in Sources */,
				8203C7B755CDAA08F1310B7B /* STTProvider.swift in Sources */,
				DD4D806C0EF5D3FBF3A67E36 /* STTService.swift in Sources */,
				E1CC9E149A7FEAAAD5D54781 /* STTSettingsView.swift in Sources */,
				DE378C5C601D476782F8A65A /* SettingsView.swift in Sources */,
				4313772CAC46BD0FB1C6C85D /* TextInsertionService.swift in Sources */,
				D3E89AFE7CB9E67F14473C02 /* TranscriptionHistoryView.swift in Sources */,
				DEED0A5AE89033EEF6883CB5 /* TranscriptionOverlayView.swift in Sources */,
				F094FD590862B2032D6EDAF5 /* TranscriptionState.swift in Sources */,
				9457858844F99B60042E5617 /* UnifiedView.swift in Sources */,
				690420F488D61ABC4777CD18 /* WhisperKitProvider.swift in Sources */,
				602615FF04CB98538947AF2D /* WhispreeApp.swift in Sources */,
			);
			runOnlyForDeploymentPostprocessing = 0;
		};
/* End PBXSourcesBuildPhase section */

/* Begin PBXTargetDependency section */
		2082B205BEAE3EF2FEBD1ECF /* PBXTargetDependency */ = {
			isa = PBXTargetDependency;
			target = 6133ECFF95BE82CA88E148DD /* Whispree */;
			targetProxy = 8CB3D3718CB82C8A30DE5524 /* PBXContainerItemProxy */;
		};
/* End PBXTargetDependency section */

/* Begin XCBuildConfiguration section */
		1ED65966198FF707BE4C94DB /* Release */ = {
			isa = XCBuildConfiguration;
			buildSettings = {
				BUNDLE_LOADER = "$(TEST_HOST)";
				COMBINE_HIDPI_IMAGES = YES;
				GENERATE_INFOPLIST_FILE = YES;
				LD_RUNPATH_SEARCH_PATHS = (
					"$(inherited)",
					"@executable_path/../Frameworks",
					"@loader_path/../Frameworks",
				);
				PRODUCT_BUNDLE_IDENTIFIER = com.whispree.app.tests;
				SDKROOT = macosx;
				TEST_HOST = "$(BUILT_PRODUCTS_DIR)/Whispree.app/Contents/MacOS/Whispree";
			};
			name = Release;
		};
		64A57D64FA8F15BFB1E2F190 /* Debug */ = {
			isa = XCBuildConfiguration;
			buildSettings = {
				ALWAYS_SEARCH_USER_PATHS = NO;
				ARCHS = arm64;
				CLANG_ANALYZER_NONNULL = YES;
				CLANG_ANALYZER_NUMBER_OBJECT_CONVERSION = YES_AGGRESSIVE;
				CLANG_CXX_LANGUAGE_STANDARD = "gnu++14";
				CLANG_CXX_LIBRARY = "libc++";
				CLANG_ENABLE_MODULES = YES;
				CLANG_ENABLE_OBJC_ARC = YES;
				CLANG_ENABLE_OBJC_WEAK = YES;
				CLANG_WARN_BLOCK_CAPTURE_AUTORELEASING = YES;
				CLANG_WARN_BOOL_CONVERSION = YES;
				CLANG_WARN_COMMA = YES;
				CLANG_WARN_CONSTANT_CONVERSION = YES;
				CLANG_WARN_DEPRECATED_OBJC_IMPLEMENTATIONS = YES;
				CLANG_WARN_DIRECT_OBJC_ISA_USAGE = YES_ERROR;
				CLANG_WARN_DOCUMENTATION_COMMENTS = YES;
				CLANG_WARN_EMPTY_BODY = YES;
				CLANG_WARN_ENUM_CONVERSION = YES;
				CLANG_WARN_INFINITE_RECURSION = YES;
				CLANG_WARN_INT_CONVERSION = YES;
				CLANG_WARN_NON_LITERAL_NULL_CONVERSION = YES;
				CLANG_WARN_OBJC_IMPLICIT_RETAIN_SELF = YES;
				CLANG_WARN_OBJC_LITERAL_CONVERSION = YES;
				CLANG_WARN_OBJC_ROOT_CLASS = YES_ERROR;
				CLANG_WARN_QUOTED_INCLUDE_IN_FRAMEWORK_HEADER = YES;
				CLANG_WARN_RANGE_LOOP_ANALYSIS = YES;
				CLANG_WARN_STRICT_PROTOTYPES = YES;
				CLANG_WARN_SUSPICIOUS_MOVE = YES;
				CLANG_WARN_UNGUARDED_AVAILABILITY = YES_AGGRESSIVE;
				CLANG_WARN_UNREACHABLE_CODE = YES;
				CLANG_WARN__DUPLICATE_METHOD_MATCH = YES;
				COPY_PHASE_STRIP = NO;
				DEBUG_INFORMATION_FORMAT = dwarf;
				ENABLE_STRICT_OBJC_MSGSEND = YES;
				ENABLE_TESTABILITY = YES;
				GCC_C_LANGUAGE_STANDARD = gnu11;
				GCC_DYNAMIC_NO_PIC = NO;
				GCC_NO_COMMON_BLOCKS = YES;
				GCC_OPTIMIZATION_LEVEL = 0;
				GCC_PREPROCESSOR_DEFINITIONS = (
					"$(inherited)",
					"DEBUG=1",
				);
				GCC_WARN_64_TO_32_BIT_CONVERSION = YES;
				GCC_WARN_ABOUT_RETURN_TYPE = YES_ERROR;
				GCC_WARN_UNDECLARED_SELECTOR = YES;
				GCC_WARN_UNINITIALIZED_AUTOS = YES_AGGRESSIVE;
				GCC_WARN_UNUSED_FUNCTION = YES;
				GCC_WARN_UNUSED_VARIABLE = YES;
				MACOSX_DEPLOYMENT_TARGET = 14.0;
				MTL_ENABLE_DEBUG_INFO = INCLUDE_SOURCE;
				MTL_FAST_MATH = YES;
				ONLY_ACTIVE_ARCH = YES;
				PRODUCT_NAME = "$(TARGET_NAME)";
				SDKROOT = macosx;
				SWIFT_ACTIVE_COMPILATION_CONDITIONS = DEBUG;
				SWIFT_OPTIMIZATION_LEVEL = "-Onone";
				SWIFT_VERSION = 5.9;
			};
			name = Debug;
		};
		832586DBF997578C1397F659 /* Release */ = {
			isa = XCBuildConfiguration;
			buildSettings = {
				ASSETCATALOG_COMPILER_APPICON_NAME = AppIcon;
				CODE_SIGN_ENTITLEMENTS = Whispree/Resources/Whispree.entitlements;
				CODE_SIGN_STYLE = Automatic;
				COMBINE_HIDPI_IMAGES = YES;
				DEVELOPMENT_TEAM = DRDT2F8525;
				ENABLE_HARDENED_RUNTIME = YES;
				INFOPLIST_FILE = Whispree/Resources/Info.plist;
				LD_RUNPATH_SEARCH_PATHS = "$(inherited) @executable_path/../Frameworks";
				PRODUCT_BUNDLE_IDENTIFIER = com.whispree.app;
				PRODUCT_NAME = Whispree;
				SDKROOT = macosx;
				SWIFT_EMIT_LOC_STRINGS = YES;
			};
			name = Release;
		};
		B030C8A2420146F2D832AACA /* Debug */ = {
			isa = XCBuildConfiguration;
			buildSettings = {
				ASSETCATALOG_COMPILER_APPICON_NAME = AppIcon;
				CODE_SIGN_ENTITLEMENTS = Whispree/Resources/Whispree.entitlements;
				CODE_SIGN_STYLE = Automatic;
				COMBINE_HIDPI_IMAGES = YES;
				DEVELOPMENT_TEAM = DRDT2F8525;
				ENABLE_HARDENED_RUNTIME = YES;
				INFOPLIST_FILE = Whispree/Resources/Info.plist;
				LD_RUNPATH_SEARCH_PATHS = "$(inherited) @executable_path/../Frameworks";
				PRODUCT_BUNDLE_IDENTIFIER = com.whispree.app;
				PRODUCT_NAME = Whispree;
				SDKROOT = macosx;
				SWIFT_EMIT_LOC_STRINGS = YES;
			};
			name = Debug;
		};
		D5EDCA3C7AB21B836FDAFE74 /* Debug */ = {
			isa = XCBuildConfiguration;
			buildSettings = {
				BUNDLE_LOADER = "$(TEST_HOST)";
				COMBINE_HIDPI_IMAGES = YES;
				GENERATE_INFOPLIST_FILE = YES;
				LD_RUNPATH_SEARCH_PATHS = (
					"$(inherited)",
					"@executable_path/../Frameworks",
					"@loader_path/../Frameworks",
				);
				PRODUCT_BUNDLE_IDENTIFIER = com.whispree.app.tests;
				SDKROOT = macosx;
				TEST_HOST = "$(BUILT_PRODUCTS_DIR)/Whispree.app/Contents/MacOS/Whispree";
			};
			name = Debug;
		};
		DFD97F2FC2061D6AA15D3A1B /* Release */ = {
			isa = XCBuildConfiguration;
			buildSettings = {
				ALWAYS_SEARCH_USER_PATHS = NO;
				ARCHS = arm64;
				CLANG_ANALYZER_NONNULL = YES;
				CLANG_ANALYZER_NUMBER_OBJECT_CONVERSION = YES_AGGRESSIVE;
				CLANG_CXX_LANGUAGE_STANDARD = "gnu++14";
				CLANG_CXX_LIBRARY = "libc++";
				CLANG_ENABLE_MODULES = YES;
				CLANG_ENABLE_OBJC_ARC = YES;
				CLANG_ENABLE_OBJC_WEAK = YES;
				CLANG_WARN_BLOCK_CAPTURE_AUTORELEASING = YES;
				CLANG_WARN_BOOL_CONVERSION = YES;
				CLANG_WARN_COMMA = YES;
				CLANG_WARN_CONSTANT_CONVERSION = YES;
				CLANG_WARN_DEPRECATED_OBJC_IMPLEMENTATIONS = YES;
				CLANG_WARN_DIRECT_OBJC_ISA_USAGE = YES_ERROR;
				CLANG_WARN_DOCUMENTATION_COMMENTS = YES;
				CLANG_WARN_EMPTY_BODY = YES;
				CLANG_WARN_ENUM_CONVERSION = YES;
				CLANG_WARN_INFINITE_RECURSION = YES;
				CLANG_WARN_INT_CONVERSION = YES;
				CLANG_WARN_NON_LITERAL_NULL_CONVERSION = YES;
				CLANG_WARN_OBJC_IMPLICIT_RETAIN_SELF = YES;
				CLANG_WARN_OBJC_LITERAL_CONVERSION = YES;
				CLANG_WARN_OBJC_ROOT_CLASS = YES_ERROR;
				CLANG_WARN_QUOTED_INCLUDE_IN_FRAMEWORK_HEADER = YES;
				CLANG_WARN_RANGE_LOOP_ANALYSIS = YES;
				CLANG_WARN_STRICT_PROTOTYPES = YES;
				CLANG_WARN_SUSPICIOUS_MOVE = YES;
				CLANG_WARN_UNGUARDED_AVAILABILITY = YES_AGGRESSIVE;
				CLANG_WARN_UNREACHABLE_CODE = YES;
				CLANG_WARN__DUPLICATE_METHOD_MATCH = YES;
				COPY_PHASE_STRIP = NO;
				DEBUG_INFORMATION_FORMAT = "dwarf-with-dsym";
				ENABLE_NS_ASSERTIONS = NO;
				ENABLE_STRICT_OBJC_MSGSEND = YES;
				GCC_C_LANGUAGE_STANDARD = gnu11;
				GCC_NO_COMMON_BLOCKS = YES;
				GCC_WARN_64_TO_32_BIT_CONVERSION = YES;
				GCC_WARN_ABOUT_RETURN_TYPE = YES_ERROR;
				GCC_WARN_UNDECLARED_SELECTOR = YES;
				GCC_WARN_UNINITIALIZED_AUTOS = YES_AGGRESSIVE;
				GCC_WARN_UNUSED_FUNCTION = YES;
				GCC_WARN_UNUSED_VARIABLE = YES;
				MACOSX_DEPLOYMENT_TARGET = 14.0;
				MTL_ENABLE_DEBUG_INFO = NO;
				MTL_FAST_MATH = YES;
				ONLY_ACTIVE_ARCH = YES;
				PRODUCT_NAME = "$(TARGET_NAME)";
				SDKROOT = macosx;
				SWIFT_COMPILATION_MODE = wholemodule;
				SWIFT_OPTIMIZATION_LEVEL = "-O";
				SWIFT_VERSION = 5.9;
			};
			name = Release;
		};
/* End XCBuildConfiguration section */

/* Begin XCConfigurationList section */
		CE7815F9B05E444E3A8B65C6 /* Build configuration list for PBXNativeTarget "WhispreeTests" */ = {
			isa = XCConfigurationList;
			buildConfigurations = (
				D5EDCA3C7AB21B836FDAFE74 /* Debug */,
				1ED65966198FF707BE4C94DB /* Release */,
			);
			defaultConfigurationIsVisible = 0;
			defaultConfigurationName = Debug;
		};
		DA76C590A7EEFA1B9E6274F7 /* Build configuration list for PBXNativeTarget "Whispree" */ = {
			isa = XCConfigurationList;
			buildConfigurations = (
				B030C8A2420146F2D832AACA /* Debug */,
				832586DBF997578C1397F659 /* Release */,
			);
			defaultConfigurationIsVisible = 0;
			defaultConfigurationName = Debug;
		};
		E8BBD0C24CC2A9522A86E97F /* Build configuration list for PBXProject "Whispree" */ = {
			isa = XCConfigurationList;
			buildConfigurations = (
				64A57D64FA8F15BFB1E2F190 /* Debug */,
				DFD97F2FC2061D6AA15D3A1B /* Release */,
			);
			defaultConfigurationIsVisible = 0;
			defaultConfigurationName = Debug;
		};
/* End XCConfigurationList section */

/* Begin XCRemoteSwiftPackageReference section */
		92539196ED15118278D0DCB2 /* XCRemoteSwiftPackageReference "KeyboardShortcuts" */ = {
			isa = XCRemoteSwiftPackageReference;
			repositoryURL = "https://github.com/sindresorhus/KeyboardShortcuts";
			requirement = {
				kind = upToNextMajorVersion;
				minimumVersion = 2.0.0;
			};
		};
		993FF359E1C39F15BED8443A /* XCRemoteSwiftPackageReference "LaunchAtLogin-Modern" */ = {
			isa = XCRemoteSwiftPackageReference;
			repositoryURL = "https://github.com/sindresorhus/LaunchAtLogin-Modern";
			requirement = {
				kind = upToNextMajorVersion;
				minimumVersion = 1.0.0;
			};
		};
		CE78C99F56207696E4CD02DD /* XCRemoteSwiftPackageReference "WhisperKit" */ = {
			isa = XCRemoteSwiftPackageReference;
			repositoryURL = "https://github.com/argmaxinc/WhisperKit";
			requirement = {
				kind = upToNextMajorVersion;
				minimumVersion = 0.9.0;
			};
		};
		FE1BE1E2C6DF286E8B563D17 /* XCRemoteSwiftPackageReference "mlx-swift-lm" */ = {
			isa = XCRemoteSwiftPackageReference;
			repositoryURL = "https://github.com/ml-explore/mlx-swift-lm";
			requirement = {
				kind = revision;
				revision = a3e1bf49f6f44d0e9cba29f1c4a61576f646a1b4;
			};
		};
/* End XCRemoteSwiftPackageReference section */

/* Begin XCSwiftPackageProductDependency section */
		8E44B704F327B1E4B1889646 /* WhisperKit */ = {
			isa = XCSwiftPackageProductDependency;
			package = CE78C99F56207696E4CD02DD /* XCRemoteSwiftPackageReference "WhisperKit" */;
			productName = WhisperKit;
		};
		96BFCA699A3C10406C60F1AA /* MLXLMCommon */ = {
			isa = XCSwiftPackageProductDependency;
			package = FE1BE1E2C6DF286E8B563D17 /* XCRemoteSwiftPackageReference "mlx-swift-lm" */;
			productName = MLXLMCommon;
		};
		B1665F79F8C6E6EE7C221B88 /* MLXLLM */ = {
			isa = XCSwiftPackageProductDependency;
			package = FE1BE1E2C6DF286E8B563D17 /* XCRemoteSwiftPackageReference "mlx-swift-lm" */;
			productName = MLXLLM;
		};
		BB46F89D447827481991D44B /* LaunchAtLogin */ = {
			isa = XCSwiftPackageProductDependency;
			package = 993FF359E1C39F15BED8443A /* XCRemoteSwiftPackageReference "LaunchAtLogin-Modern" */;
			productName = LaunchAtLogin;
		};
		E22B958C0AEE6456673185B8 /* KeyboardShortcuts */ = {
			isa = XCSwiftPackageProductDependency;
			package = 92539196ED15118278D0DCB2 /* XCRemoteSwiftPackageReference "KeyboardShortcuts" */;
			productName = KeyboardShortcuts;
		};
/* End XCSwiftPackageProductDependency section */
	};
	rootObject = 98E9AED0D47EDB9A12A8E0FD /* Project object */;
}
