// !$*UTF8*$!
{
	archiveVersion = 1;
	classes = {
	};
	objectVersion = 77;
	objects = {

/* Begin PBXBuildFile section */
		0ADE8008D4D760A45347FD64 /* ModelSettingsView.swift in Sources */ = {isa = PBXBuildFile; fileRef = 6B7ED265BA6D103A3E531760 /* ModelSettingsView.swift */; };
		2BD420986D679229EDA2EA59 /* MainDashboardView.swift in Sources */ = {isa = PBXBuildFile; fileRef = B532658FD35186B8071B0691 /* MainDashboardView.swift */; };
		301B0F0F052AD0680BEC02FC /* LLMSettingsView.swift in Sources */ = {isa = PBXBuildFile; fileRef = 0CC0EC5843A35EC63EAAF76F /* LLMSettingsView.swift */; };
		407C190BEFD2904E588C8808 /* TranscriptionOverlayView.swift in Sources */ = {isa = PBXBuildFile; fileRef = 6A623A53F505C0D496F4A83B /* TranscriptionOverlayView.swift */; };
		4656B01DD14A37DD8AFB7E9A /* MenuBarView.swift in Sources */ = {isa = PBXBuildFile; fileRef = 8D2C05E73D2A2CB8FF672869 /* MenuBarView.swift */; };
		48371770DEA689C5039567F9 /* Constants.swift in Sources */ = {isa = PBXBuildFile; fileRef = 93C52457F829B85CEEF3BD50 /* Constants.swift */; };
		5858E427B0F06300CB5B3EA2 /* WhisperKit in Frameworks */ = {isa = PBXBuildFile; productRef = A131E4DCB51EE8DE4EFE99E6 /* WhisperKit */; };
		5DC40E781EA660E05405E29C /* AudioService.swift in Sources */ = {isa = PBXBuildFile; fileRef = 05E8A23BEC893AC718101025 /* AudioService.swift */; };
		653E404BFA80E1B8462166B2 /* CorrectionPrompts.swift in Sources */ = {isa = PBXBuildFile; fileRef = B5983C29D0354F450556EA50 /* CorrectionPrompts.swift */; };
		6ACE91526A08C21B2A8D6EBE /* AppDelegate.swift in Sources */ = {isa = PBXBuildFile; fileRef = BA44E0DB7DA3D2B598DE7A4C /* AppDelegate.swift */; };
		76BA67F80DCE4EEE7F7D625A /* TranscriptionHistoryView.swift in Sources */ = {isa = PBXBuildFile; fileRef = 5DA8A74FFA6B09BDE6330FA1 /* TranscriptionHistoryView.swift */; };
		7964E39B69B08794BF58DA08 /* ModelInfo.swift in Sources */ = {isa = PBXBuildFile; fileRef = B535FC04CFA8D79541526447 /* ModelInfo.swift */; };
		7F2E0B41BBC42AC1F7641A28 /* HotkeyManager.swift in Sources */ = {isa = PBXBuildFile; fileRef = 0ED6EEE3857EBBD8292EB4B8 /* HotkeyManager.swift */; };
		8A120863743578DB1737BAC3 /* LaunchAtLogin in Frameworks */ = {isa = PBXBuildFile; productRef = 81323D20FFBFF5543970223B /* LaunchAtLogin */; };
		8D0EEC1358F7B9C410D4D2D9 /* GeneralSettingsView.swift in Sources */ = {isa = PBXBuildFile; fileRef = C41E03070238DD28DCD4A1EB /* GeneralSettingsView.swift */; };
		97ABE1BCC8CCF027E480B635 /* OnboardingView.swift in Sources */ = {isa = PBXBuildFile; fileRef = EF7AC15BFC14058673B26C50 /* OnboardingView.swift */; };
		9B8111562C8DF7E77CCC3212 /* FreeWhisperApp.swift in Sources */ = {isa = PBXBuildFile; fileRef = EC0BBFB643B400AA507B35F2 /* FreeWhisperApp.swift */; };
		AA326FC40EEDB3E78D9703B1 /* MLXLLM in Frameworks */ = {isa = PBXBuildFile; productRef = E5486496E1B3A9AB3F536C2A /* MLXLLM */; };
		AC775B089590369066E07BD5 /* SettingsView.swift in Sources */ = {isa = PBXBuildFile; fileRef = A539D95AB63A83D1776410F4 /* SettingsView.swift */; };
		B14F27985620DD1B832C2A87 /* AppState.swift in Sources */ = {isa = PBXBuildFile; fileRef = 036327B3267B06268C1287E8 /* AppState.swift */; };
		B4D1611918767BD3C8FB2532 /* STTService.swift in Sources */ = {isa = PBXBuildFile; fileRef = 64109FD6FAD41F4D7C7B7EBB /* STTService.swift */; };
		B7701F7E4436D35A02F4B331 /* RecordingCoordinator.swift in Sources */ = {isa = PBXBuildFile; fileRef = 105EE17DC3288BCB6AE479DE /* RecordingCoordinator.swift */; };
		BD5E172CE121F3FD2C41346B /* MLXLMCommon in Frameworks */ = {isa = PBXBuildFile; productRef = 6E925719F6B0448070B99D77 /* MLXLMCommon */; };
		C0A2D194B4DACA4FFAE3F3EE /* AppSettings.swift in Sources */ = {isa = PBXBuildFile; fileRef = F892FA5C0694C957024C79D9 /* AppSettings.swift */; };
		D1606D948A2A4F53617F0306 /* LLMService.swift in Sources */ = {isa = PBXBuildFile; fileRef = EE8B8EECEBC9B7006D7765C5 /* LLMService.swift */; };
		DC0966CCFE523134D2705BDD /* TranscriptionState.swift in Sources */ = {isa = PBXBuildFile; fileRef = F68F9B57BCCCE801B9CA1F74 /* TranscriptionState.swift */; };
		DDBB9307FFE82505EACE4821 /* TextInsertionService.swift in Sources */ = {isa = PBXBuildFile; fileRef = F51D0C8A7CA1874685BCD241 /* TextInsertionService.swift */; };
		DDDE6114B7F08EB0FFE08546 /* ModelManager.swift in Sources */ = {isa = PBXBuildFile; fileRef = 52FB1B9FA172F1559144903F /* ModelManager.swift */; };
		E0D139F2F1D09989F9F8A0B2 /* KeyboardShortcuts in Frameworks */ = {isa = PBXBuildFile; productRef = 3E04C9652CCAEAB6EBBC6A5A /* KeyboardShortcuts */; };
		EEFA8DB116911CE206883CC0 /* Assets.xcassets in Resources */ = {isa = PBXBuildFile; fileRef = 92D30DBACBB2C5B1EE5A9D6D /* Assets.xcassets */; };
		FAB52C451FE56958F16192ED /* AudioServiceTests.swift in Sources */ = {isa = PBXBuildFile; fileRef = 072ACC3E204C04D87A4CA943 /* AudioServiceTests.swift */; };
/* End PBXBuildFile section */

/* Begin PBXContainerItemProxy section */
		EE5C7EC4D416F2C22CF4E643 /* PBXContainerItemProxy */ = {
			isa = PBXContainerItemProxy;
			containerPortal = D9E02CABC33C8677A58C8911 /* Project object */;
			proxyType = 1;
			remoteGlobalIDString = 16686763F5B080067FAC3A6F;
			remoteInfo = FreeWhisper;
		};
/* End PBXContainerItemProxy section */

/* Begin PBXFileReference section */
		036327B3267B06268C1287E8 /* AppState.swift */ = {isa = PBXFileReference; lastKnownFileType = sourcecode.swift; path = AppState.swift; sourceTree = "<group>"; };
		05E8A23BEC893AC718101025 /* AudioService.swift */ = {isa = PBXFileReference; lastKnownFileType = sourcecode.swift; path = AudioService.swift; sourceTree = "<group>"; };
		072ACC3E204C04D87A4CA943 /* AudioServiceTests.swift */ = {isa = PBXFileReference; lastKnownFileType = sourcecode.swift; path = AudioServiceTests.swift; sourceTree = "<group>"; };
		0CC0EC5843A35EC63EAAF76F /* LLMSettingsView.swift */ = {isa = PBXFileReference; lastKnownFileType = sourcecode.swift; path = LLMSettingsView.swift; sourceTree = "<group>"; };
		0ED6EEE3857EBBD8292EB4B8 /* HotkeyManager.swift */ = {isa = PBXFileReference; lastKnownFileType = sourcecode.swift; path = HotkeyManager.swift; sourceTree = "<group>"; };
		105EE17DC3288BCB6AE479DE /* RecordingCoordinator.swift */ = {isa = PBXFileReference; lastKnownFileType = sourcecode.swift; path = RecordingCoordinator.swift; sourceTree = "<group>"; };
		2C30F11863C0BDFD8B10926A /* FreeWhisperTests.xctest */ = {isa = PBXFileReference; explicitFileType = wrapper.cfbundle; includeInIndex = 0; path = FreeWhisperTests.xctest; sourceTree = BUILT_PRODUCTS_DIR; };
		45BF9206124DF128983BC1B3 /* FreeWhisper.entitlements */ = {isa = PBXFileReference; lastKnownFileType = text.plist.entitlements; path = FreeWhisper.entitlements; sourceTree = "<group>"; };
		52FB1B9FA172F1559144903F /* ModelManager.swift */ = {isa = PBXFileReference; lastKnownFileType = sourcecode.swift; path = ModelManager.swift; sourceTree = "<group>"; };
		5DA8A74FFA6B09BDE6330FA1 /* TranscriptionHistoryView.swift */ = {isa = PBXFileReference; lastKnownFileType = sourcecode.swift; path = TranscriptionHistoryView.swift; sourceTree = "<group>"; };
		64109FD6FAD41F4D7C7B7EBB /* STTService.swift */ = {isa = PBXFileReference; lastKnownFileType = sourcecode.swift; path = STTService.swift; sourceTree = "<group>"; };
		6A623A53F505C0D496F4A83B /* TranscriptionOverlayView.swift */ = {isa = PBXFileReference; lastKnownFileType = sourcecode.swift; path = TranscriptionOverlayView.swift; sourceTree = "<group>"; };
		6B7ED265BA6D103A3E531760 /* ModelSettingsView.swift */ = {isa = PBXFileReference; lastKnownFileType = sourcecode.swift; path = ModelSettingsView.swift; sourceTree = "<group>"; };
		6C2849B843D2574BB9BF5A2A /* FreeWhisper.app */ = {isa = PBXFileReference; explicitFileType = wrapper.application; includeInIndex = 0; path = FreeWhisper.app; sourceTree = BUILT_PRODUCTS_DIR; };
		8D2C05E73D2A2CB8FF672869 /* MenuBarView.swift */ = {isa = PBXFileReference; lastKnownFileType = sourcecode.swift; path = MenuBarView.swift; sourceTree = "<group>"; };
		92D30DBACBB2C5B1EE5A9D6D /* Assets.xcassets */ = {isa = PBXFileReference; lastKnownFileType = folder.assetcatalog; path = Assets.xcassets; sourceTree = "<group>"; };
		93C52457F829B85CEEF3BD50 /* Constants.swift */ = {isa = PBXFileReference; lastKnownFileType = sourcecode.swift; path = Constants.swift; sourceTree = "<group>"; };
		A539D95AB63A83D1776410F4 /* SettingsView.swift */ = {isa = PBXFileReference; lastKnownFileType = sourcecode.swift; path = SettingsView.swift; sourceTree = "<group>"; };
		B18E1828C511A377404CAD0F /* Info.plist */ = {isa = PBXFileReference; lastKnownFileType = text.plist; path = Info.plist; sourceTree = "<group>"; };
		B532658FD35186B8071B0691 /* MainDashboardView.swift */ = {isa = PBXFileReference; lastKnownFileType = sourcecode.swift; path = MainDashboardView.swift; sourceTree = "<group>"; };
		B535FC04CFA8D79541526447 /* ModelInfo.swift */ = {isa = PBXFileReference; lastKnownFileType = sourcecode.swift; path = ModelInfo.swift; sourceTree = "<group>"; };
		B5983C29D0354F450556EA50 /* CorrectionPrompts.swift */ = {isa = PBXFileReference; lastKnownFileType = sourcecode.swift; path = CorrectionPrompts.swift; sourceTree = "<group>"; };
		BA44E0DB7DA3D2B598DE7A4C /* AppDelegate.swift */ = {isa = PBXFileReference; lastKnownFileType = sourcecode.swift; path = AppDelegate.swift; sourceTree = "<group>"; };
		C41E03070238DD28DCD4A1EB /* GeneralSettingsView.swift */ = {isa = PBXFileReference; lastKnownFileType = sourcecode.swift; path = GeneralSettingsView.swift; sourceTree = "<group>"; };
		EC0BBFB643B400AA507B35F2 /* FreeWhisperApp.swift */ = {isa = PBXFileReference; lastKnownFileType = sourcecode.swift; path = FreeWhisperApp.swift; sourceTree = "<group>"; };
		EE8B8EECEBC9B7006D7765C5 /* LLMService.swift */ = {isa = PBXFileReference; lastKnownFileType = sourcecode.swift; path = LLMService.swift; sourceTree = "<group>"; };
		EF7AC15BFC14058673B26C50 /* OnboardingView.swift */ = {isa = PBXFileReference; lastKnownFileType = sourcecode.swift; path = OnboardingView.swift; sourceTree = "<group>"; };
		F51D0C8A7CA1874685BCD241 /* TextInsertionService.swift */ = {isa = PBXFileReference; lastKnownFileType = sourcecode.swift; path = TextInsertionService.swift; sourceTree = "<group>"; };
		F68F9B57BCCCE801B9CA1F74 /* TranscriptionState.swift */ = {isa = PBXFileReference; lastKnownFileType = sourcecode.swift; path = TranscriptionState.swift; sourceTree = "<group>"; };
		F892FA5C0694C957024C79D9 /* AppSettings.swift */ = {isa = PBXFileReference; lastKnownFileType = sourcecode.swift; path = AppSettings.swift; sourceTree = "<group>"; };
/* End PBXFileReference section */

/* Begin PBXFrameworksBuildPhase section */
		31CACE362D549EBDB848553D /* Frameworks */ = {
			isa = PBXFrameworksBuildPhase;
			buildActionMask = 2147483647;
			files = (
				5858E427B0F06300CB5B3EA2 /* WhisperKit in Frameworks */,
				AA326FC40EEDB3E78D9703B1 /* MLXLLM in Frameworks */,
				BD5E172CE121F3FD2C41346B /* MLXLMCommon in Frameworks */,
				E0D139F2F1D09989F9F8A0B2 /* KeyboardShortcuts in Frameworks */,
				8A120863743578DB1737BAC3 /* LaunchAtLogin in Frameworks */,
			);
			runOnlyForDeploymentPostprocessing = 0;
		};
/* End PBXFrameworksBuildPhase section */

/* Begin PBXGroup section */
		02A8ADAE9C0A72B61F3F69B7 /* FreeWhisper */ = {
			isa = PBXGroup;
			children = (
				678DC9903F6AFA0CF1FCA5BB /* App */,
				FBED674872CD73F1C2B7E2BE /* Coordinators */,
				3FA91DA47E51DFA938E1035E /* Models */,
				F7BDB52A2E16A3906C65CA99 /* Resources */,
				DC0D7D12366E2212DD05072F /* Services */,
				A52E877FC19F7C2EC8DEBA96 /* Views */,
			);
			path = FreeWhisper;
			sourceTree = "<group>";
		};
		16757F3B993BE083C8DF21AA /* FreeWhisperTests */ = {
			isa = PBXGroup;
			children = (
				35640135F9CA0E52CFC2FB6E /* Services */,
			);
			path = FreeWhisperTests;
			sourceTree = "<group>";
		};
		16CD1652F71518487FBCDDAA /* TextInsertion */ = {
			isa = PBXGroup;
			children = (
				F51D0C8A7CA1874685BCD241 /* TextInsertionService.swift */,
			);
			path = TextInsertion;
			sourceTree = "<group>";
		};
		1D41B83171C337018226769B /* Onboarding */ = {
			isa = PBXGroup;
			children = (
				EF7AC15BFC14058673B26C50 /* OnboardingView.swift */,
			);
			path = Onboarding;
			sourceTree = "<group>";
		};
		1D67FE44D68306EB04B61584 = {
			isa = PBXGroup;
			children = (
				02A8ADAE9C0A72B61F3F69B7 /* FreeWhisper */,
				16757F3B993BE083C8DF21AA /* FreeWhisperTests */,
				80686A6DD56B69B843FBA77D /* Products */,
			);
			sourceTree = "<group>";
		};
		23BF174C5701A2D9E244ABD7 /* LLM */ = {
			isa = PBXGroup;
			children = (
				B5983C29D0354F450556EA50 /* CorrectionPrompts.swift */,
				EE8B8EECEBC9B7006D7765C5 /* LLMService.swift */,
			);
			path = LLM;
			sourceTree = "<group>";
		};
		35640135F9CA0E52CFC2FB6E /* Services */ = {
			isa = PBXGroup;
			children = (
				072ACC3E204C04D87A4CA943 /* AudioServiceTests.swift */,
			);
			path = Services;
			sourceTree = "<group>";
		};
		3FA91DA47E51DFA938E1035E /* Models */ = {
			isa = PBXGroup;
			children = (
				F892FA5C0694C957024C79D9 /* AppSettings.swift */,
				B535FC04CFA8D79541526447 /* ModelInfo.swift */,
				F68F9B57BCCCE801B9CA1F74 /* TranscriptionState.swift */,
			);
			path = Models;
			sourceTree = "<group>";
		};
		42095E9997F470AE4AE084DD /* ModelManagement */ = {
			isa = PBXGroup;
			children = (
				52FB1B9FA172F1559144903F /* ModelManager.swift */,
			);
			path = ModelManagement;
			sourceTree = "<group>";
		};
		58BB7E2E1E3998145673F182 /* Audio */ = {
			isa = PBXGroup;
			children = (
				05E8A23BEC893AC718101025 /* AudioService.swift */,
			);
			path = Audio;
			sourceTree = "<group>";
		};
		623C274B64DBD5299DF14417 /* Hotkey */ = {
			isa = PBXGroup;
			children = (
				0ED6EEE3857EBBD8292EB4B8 /* HotkeyManager.swift */,
			);
			path = Hotkey;
			sourceTree = "<group>";
		};
		678DC9903F6AFA0CF1FCA5BB /* App */ = {
			isa = PBXGroup;
			children = (
				BA44E0DB7DA3D2B598DE7A4C /* AppDelegate.swift */,
				036327B3267B06268C1287E8 /* AppState.swift */,
				93C52457F829B85CEEF3BD50 /* Constants.swift */,
				EC0BBFB643B400AA507B35F2 /* FreeWhisperApp.swift */,
			);
			path = App;
			sourceTree = "<group>";
		};
		80686A6DD56B69B843FBA77D /* Products */ = {
			isa = PBXGroup;
			children = (
				6C2849B843D2574BB9BF5A2A /* FreeWhisper.app */,
				2C30F11863C0BDFD8B10926A /* FreeWhisperTests.xctest */,
			);
			name = Products;
			sourceTree = "<group>";
		};
		94B731F20A9BA34CA71BCEAA /* Settings */ = {
			isa = PBXGroup;
			children = (
				C41E03070238DD28DCD4A1EB /* GeneralSettingsView.swift */,
				0CC0EC5843A35EC63EAAF76F /* LLMSettingsView.swift */,
				6B7ED265BA6D103A3E531760 /* ModelSettingsView.swift */,
				A539D95AB63A83D1776410F4 /* SettingsView.swift */,
			);
			path = Settings;
			sourceTree = "<group>";
		};
		A52E877FC19F7C2EC8DEBA96 /* Views */ = {
			isa = PBXGroup;
			children = (
				D02481022B69C13BB534945C /* Dashboard */,
				F2042ECF499D91FB4D351990 /* MenuBar */,
				1D41B83171C337018226769B /* Onboarding */,
				94B731F20A9BA34CA71BCEAA /* Settings */,
				AD92D575FE241F47F562323F /* Transcription */,
			);
			path = Views;
			sourceTree = "<group>";
		};
		AD92D575FE241F47F562323F /* Transcription */ = {
			isa = PBXGroup;
			children = (
				5DA8A74FFA6B09BDE6330FA1 /* TranscriptionHistoryView.swift */,
				6A623A53F505C0D496F4A83B /* TranscriptionOverlayView.swift */,
			);
			path = Transcription;
			sourceTree = "<group>";
		};
		CED71C6D32CBF8E0B17861D7 /* STT */ = {
			isa = PBXGroup;
			children = (
				64109FD6FAD41F4D7C7B7EBB /* STTService.swift */,
			);
			path = STT;
			sourceTree = "<group>";
		};
		D02481022B69C13BB534945C /* Dashboard */ = {
			isa = PBXGroup;
			children = (
				B532658FD35186B8071B0691 /* MainDashboardView.swift */,
			);
			path = Dashboard;
			sourceTree = "<group>";
		};
		DC0D7D12366E2212DD05072F /* Services */ = {
			isa = PBXGroup;
			children = (
				58BB7E2E1E3998145673F182 /* Audio */,
				623C274B64DBD5299DF14417 /* Hotkey */,
				23BF174C5701A2D9E244ABD7 /* LLM */,
				42095E9997F470AE4AE084DD /* ModelManagement */,
				CED71C6D32CBF8E0B17861D7 /* STT */,
				16CD1652F71518487FBCDDAA /* TextInsertion */,
			);
			path = Services;
			sourceTree = "<group>";
		};
		F2042ECF499D91FB4D351990 /* MenuBar */ = {
			isa = PBXGroup;
			children = (
				8D2C05E73D2A2CB8FF672869 /* MenuBarView.swift */,
			);
			path = MenuBar;
			sourceTree = "<group>";
		};
		F7BDB52A2E16A3906C65CA99 /* Resources */ = {
			isa = PBXGroup;
			children = (
				92D30DBACBB2C5B1EE5A9D6D /* Assets.xcassets */,
				45BF9206124DF128983BC1B3 /* FreeWhisper.entitlements */,
				B18E1828C511A377404CAD0F /* Info.plist */,
			);
			path = Resources;
			sourceTree = "<group>";
		};
		FBED674872CD73F1C2B7E2BE /* Coordinators */ = {
			isa = PBXGroup;
			children = (
				105EE17DC3288BCB6AE479DE /* RecordingCoordinator.swift */,
			);
			path = Coordinators;
			sourceTree = "<group>";
		};
/* End PBXGroup section */

/* Begin PBXNativeTarget section */
		16686763F5B080067FAC3A6F /* FreeWhisper */ = {
			isa = PBXNativeTarget;
			buildConfigurationList = 94162BF6A0565EFDE9F112C0 /* Build configuration list for PBXNativeTarget "FreeWhisper" */;
			buildPhases = (
				EDAAD1BCD5F6DDB225D2BD40 /* Sources */,
				F280471C51F901EE7237830D /* Resources */,
				31CACE362D549EBDB848553D /* Frameworks */,
			);
			buildRules = (
			);
			dependencies = (
			);
			name = FreeWhisper;
			packageProductDependencies = (
				A131E4DCB51EE8DE4EFE99E6 /* WhisperKit */,
				E5486496E1B3A9AB3F536C2A /* MLXLLM */,
				6E925719F6B0448070B99D77 /* MLXLMCommon */,
				3E04C9652CCAEAB6EBBC6A5A /* KeyboardShortcuts */,
				81323D20FFBFF5543970223B /* LaunchAtLogin */,
			);
			productName = FreeWhisper;
			productReference = 6C2849B843D2574BB9BF5A2A /* FreeWhisper.app */;
			productType = "com.apple.product-type.application";
		};
		255EBFF1CFCE2FF9533592EA /* FreeWhisperTests */ = {
			isa = PBXNativeTarget;
			buildConfigurationList = F8B80A30C15EAFFC21BD675C /* Build configuration list for PBXNativeTarget "FreeWhisperTests" */;
			buildPhases = (
				A0AE0B2F9E2E8967910178C6 /* Sources */,
			);
			buildRules = (
			);
			dependencies = (
				02DE8C56D0BFEBAEC6FB277E /* PBXTargetDependency */,
			);
			name = FreeWhisperTests;
			packageProductDependencies = (
			);
			productName = FreeWhisperTests;
			productReference = 2C30F11863C0BDFD8B10926A /* FreeWhisperTests.xctest */;
			productType = "com.apple.product-type.bundle.unit-test";
		};
/* End PBXNativeTarget section */

/* Begin PBXProject section */
		D9E02CABC33C8677A58C8911 /* Project object */ = {
			isa = PBXProject;
			attributes = {
				BuildIndependentTargetsInParallel = YES;
				LastUpgradeCheck = 1600;
				TargetAttributes = {
					16686763F5B080067FAC3A6F = {
						ProvisioningStyle = Automatic;
					};
				};
			};
			buildConfigurationList = D977F4AF4B79C8DC89779A72 /* Build configuration list for PBXProject "FreeWhisper" */;
			compatibilityVersion = "Xcode 14.0";
			developmentRegion = en;
			hasScannedForEncodings = 0;
			knownRegions = (
				Base,
				en,
			);
			mainGroup = 1D67FE44D68306EB04B61584;
			minimizedProjectReferenceProxies = 1;
			packageReferences = (
				E2713AD68F3C7CF9A2B30888 /* XCRemoteSwiftPackageReference "KeyboardShortcuts" */,
				AC96BA330AF1EE2BFD346444 /* XCRemoteSwiftPackageReference "LaunchAtLogin-Modern" */,
				D16768FB9243792A8708C057 /* XCRemoteSwiftPackageReference "WhisperKit" */,
				88249970EBAD9F88DEE7E83B /* XCRemoteSwiftPackageReference "mlx-swift-lm" */,
			);
			preferredProjectObjectVersion = 77;
			projectDirPath = "";
			projectRoot = "";
			targets = (
				16686763F5B080067FAC3A6F /* FreeWhisper */,
				255EBFF1CFCE2FF9533592EA /* FreeWhisperTests */,
			);
		};
/* End PBXProject section */

/* Begin PBXResourcesBuildPhase section */
		F280471C51F901EE7237830D /* Resources */ = {
			isa = PBXResourcesBuildPhase;
			buildActionMask = 2147483647;
			files = (
				EEFA8DB116911CE206883CC0 /* Assets.xcassets in Resources */,
			);
			runOnlyForDeploymentPostprocessing = 0;
		};
/* End PBXResourcesBuildPhase section */

/* Begin PBXSourcesBuildPhase section */
		A0AE0B2F9E2E8967910178C6 /* Sources */ = {
			isa = PBXSourcesBuildPhase;
			buildActionMask = 2147483647;
			files = (
				FAB52C451FE56958F16192ED /* AudioServiceTests.swift in Sources */,
			);
			runOnlyForDeploymentPostprocessing = 0;
		};
		EDAAD1BCD5F6DDB225D2BD40 /* Sources */ = {
			isa = PBXSourcesBuildPhase;
			buildActionMask = 2147483647;
			files = (
				6ACE91526A08C21B2A8D6EBE /* AppDelegate.swift in Sources */,
				C0A2D194B4DACA4FFAE3F3EE /* AppSettings.swift in Sources */,
				B14F27985620DD1B832C2A87 /* AppState.swift in Sources */,
				5DC40E781EA660E05405E29C /* AudioService.swift in Sources */,
				48371770DEA689C5039567F9 /* Constants.swift in Sources */,
				653E404BFA80E1B8462166B2 /* CorrectionPrompts.swift in Sources */,
				9B8111562C8DF7E77CCC3212 /* FreeWhisperApp.swift in Sources */,
				8D0EEC1358F7B9C410D4D2D9 /* GeneralSettingsView.swift in Sources */,
				7F2E0B41BBC42AC1F7641A28 /* HotkeyManager.swift in Sources */,
				D1606D948A2A4F53617F0306 /* LLMService.swift in Sources */,
				301B0F0F052AD0680BEC02FC /* LLMSettingsView.swift in Sources */,
				2BD420986D679229EDA2EA59 /* MainDashboardView.swift in Sources */,
				4656B01DD14A37DD8AFB7E9A /* MenuBarView.swift in Sources */,
				7964E39B69B08794BF58DA08 /* ModelInfo.swift in Sources */,
				DDDE6114B7F08EB0FFE08546 /* ModelManager.swift in Sources */,
				0ADE8008D4D760A45347FD64 /* ModelSettingsView.swift in Sources */,
				97ABE1BCC8CCF027E480B635 /* OnboardingView.swift in Sources */,
				B7701F7E4436D35A02F4B331 /* RecordingCoordinator.swift in Sources */,
				B4D1611918767BD3C8FB2532 /* STTService.swift in Sources */,
				AC775B089590369066E07BD5 /* SettingsView.swift in Sources */,
				DDBB9307FFE82505EACE4821 /* TextInsertionService.swift in Sources */,
				76BA67F80DCE4EEE7F7D625A /* TranscriptionHistoryView.swift in Sources */,
				407C190BEFD2904E588C8808 /* TranscriptionOverlayView.swift in Sources */,
				DC0966CCFE523134D2705BDD /* TranscriptionState.swift in Sources */,
			);
			runOnlyForDeploymentPostprocessing = 0;
		};
/* End PBXSourcesBuildPhase section */

/* Begin PBXTargetDependency section */
		02DE8C56D0BFEBAEC6FB277E /* PBXTargetDependency */ = {
			isa = PBXTargetDependency;
			target = 16686763F5B080067FAC3A6F /* FreeWhisper */;
			targetProxy = EE5C7EC4D416F2C22CF4E643 /* PBXContainerItemProxy */;
		};
/* End PBXTargetDependency section */

/* Begin XCBuildConfiguration section */
		1290281B2C9F7B1CA8D85D5C /* Release */ = {
			isa = XCBuildConfiguration;
			buildSettings = {
				ALWAYS_SEARCH_USER_PATHS = NO;
				ARCHS = arm64;
				CLANG_ANALYZER_NONNULL = YES;
				CLANG_ANALYZER_NUMBER_OBJECT_CONVERSION = YES_AGGRESSIVE;
				CLANG_CXX_LANGUAGE_STANDARD = "gnu++14";
				CLANG_CXX_LIBRARY = "libc++";
				CLANG_ENABLE_MODULES = YES;
				CLANG_ENABLE_OBJC_ARC = YES;
				CLANG_ENABLE_OBJC_WEAK = YES;
				CLANG_WARN_BLOCK_CAPTURE_AUTORELEASING = YES;
				CLANG_WARN_BOOL_CONVERSION = YES;
				CLANG_WARN_COMMA = YES;
				CLANG_WARN_CONSTANT_CONVERSION = YES;
				CLANG_WARN_DEPRECATED_OBJC_IMPLEMENTATIONS = YES;
				CLANG_WARN_DIRECT_OBJC_ISA_USAGE = YES_ERROR;
				CLANG_WARN_DOCUMENTATION_COMMENTS = YES;
				CLANG_WARN_EMPTY_BODY = YES;
				CLANG_WARN_ENUM_CONVERSION = YES;
				CLANG_WARN_INFINITE_RECURSION = YES;
				CLANG_WARN_INT_CONVERSION = YES;
				CLANG_WARN_NON_LITERAL_NULL_CONVERSION = YES;
				CLANG_WARN_OBJC_IMPLICIT_RETAIN_SELF = YES;
				CLANG_WARN_OBJC_LITERAL_CONVERSION = YES;
				CLANG_WARN_OBJC_ROOT_CLASS = YES_ERROR;
				CLANG_WARN_QUOTED_INCLUDE_IN_FRAMEWORK_HEADER = YES;
				CLANG_WARN_RANGE_LOOP_ANALYSIS = YES;
				CLANG_WARN_STRICT_PROTOTYPES = YES;
				CLANG_WARN_SUSPICIOUS_MOVE = YES;
				CLANG_WARN_UNGUARDED_AVAILABILITY = YES_AGGRESSIVE;
				CLANG_WARN_UNREACHABLE_CODE = YES;
				CLANG_WARN__DUPLICATE_METHOD_MATCH = YES;
				COPY_PHASE_STRIP = NO;
				DEBUG_INFORMATION_FORMAT = "dwarf-with-dsym";
				ENABLE_NS_ASSERTIONS = NO;
				ENABLE_STRICT_OBJC_MSGSEND = YES;
				GCC_C_LANGUAGE_STANDARD = gnu11;
				GCC_NO_COMMON_BLOCKS = YES;
				GCC_WARN_64_TO_32_BIT_CONVERSION = YES;
				GCC_WARN_ABOUT_RETURN_TYPE = YES_ERROR;
				GCC_WARN_UNDECLARED_SELECTOR = YES;
				GCC_WARN_UNINITIALIZED_AUTOS = YES_AGGRESSIVE;
				GCC_WARN_UNUSED_FUNCTION = YES;
				GCC_WARN_UNUSED_VARIABLE = YES;
				MACOSX_DEPLOYMENT_TARGET = 14.0;
				MTL_ENABLE_DEBUG_INFO = NO;
				MTL_FAST_MATH = YES;
				ONLY_ACTIVE_ARCH = YES;
				PRODUCT_NAME = "$(TARGET_NAME)";
				SDKROOT = macosx;
				SWIFT_COMPILATION_MODE = wholemodule;
				SWIFT_OPTIMIZATION_LEVEL = "-O";
				SWIFT_VERSION = 5.9;
			};
			name = Release;
		};
		46A0B79384355E689BD66F72 /* Release */ = {
			isa = XCBuildConfiguration;
			buildSettings = {
				ASSETCATALOG_COMPILER_APPICON_NAME = AppIcon;
				CODE_SIGN_ENTITLEMENTS = FreeWhisper/Resources/FreeWhisper.entitlements;
				CODE_SIGN_STYLE = Automatic;
				COMBINE_HIDPI_IMAGES = YES;
				ENABLE_HARDENED_RUNTIME = YES;
				INFOPLIST_FILE = FreeWhisper/Resources/Info.plist;
				LD_RUNPATH_SEARCH_PATHS = "$(inherited) @executable_path/../Frameworks";
				PRODUCT_BUNDLE_IDENTIFIER = com.freewhisper.app;
				PRODUCT_NAME = FreeWhisper;
				SDKROOT = macosx;
				SWIFT_EMIT_LOC_STRINGS = YES;
			};
			name = Release;
		};
		736257FAF65DB6ECEA658064 /* Release */ = {
			isa = XCBuildConfiguration;
			buildSettings = {
				BUNDLE_LOADER = "$(TEST_HOST)";
				COMBINE_HIDPI_IMAGES = YES;
				LD_RUNPATH_SEARCH_PATHS = (
					"$(inherited)",
					"@executable_path/../Frameworks",
					"@loader_path/../Frameworks",
				);
				PRODUCT_BUNDLE_IDENTIFIER = com.freewhisper.app.tests;
				SDKROOT = macosx;
				TEST_HOST = "$(BUILT_PRODUCTS_DIR)/FreeWhisper.app/Contents/MacOS/FreeWhisper";
			};
			name = Release;
		};
		8F39A59945759622E62D283B /* Debug */ = {
			isa = XCBuildConfiguration;
			buildSettings = {
				BUNDLE_LOADER = "$(TEST_HOST)";
				COMBINE_HIDPI_IMAGES = YES;
				LD_RUNPATH_SEARCH_PATHS = (
					"$(inherited)",
					"@executable_path/../Frameworks",
					"@loader_path/../Frameworks",
				);
				PRODUCT_BUNDLE_IDENTIFIER = com.freewhisper.app.tests;
				SDKROOT = macosx;
				TEST_HOST = "$(BUILT_PRODUCTS_DIR)/FreeWhisper.app/Contents/MacOS/FreeWhisper";
			};
			name = Debug;
		};
		975F5358C8033FC1F894394E /* Debug */ = {
			isa = XCBuildConfiguration;
			buildSettings = {
				ASSETCATALOG_COMPILER_APPICON_NAME = AppIcon;
				CODE_SIGN_ENTITLEMENTS = FreeWhisper/Resources/FreeWhisper.entitlements;
				CODE_SIGN_STYLE = Automatic;
				COMBINE_HIDPI_IMAGES = YES;
				ENABLE_HARDENED_RUNTIME = YES;
				INFOPLIST_FILE = FreeWhisper/Resources/Info.plist;
				LD_RUNPATH_SEARCH_PATHS = "$(inherited) @executable_path/../Frameworks";
				PRODUCT_BUNDLE_IDENTIFIER = com.freewhisper.app;
				PRODUCT_NAME = FreeWhisper;
				SDKROOT = macosx;
				SWIFT_EMIT_LOC_STRINGS = YES;
			};
			name = Debug;
		};
		F1FA1271D5445D48F21F8B5A /* Debug */ = {
			isa = XCBuildConfiguration;
			buildSettings = {
				ALWAYS_SEARCH_USER_PATHS = NO;
				ARCHS = arm64;
				CLANG_ANALYZER_NONNULL = YES;
				CLANG_ANALYZER_NUMBER_OBJECT_CONVERSION = YES_AGGRESSIVE;
				CLANG_CXX_LANGUAGE_STANDARD = "gnu++14";
				CLANG_CXX_LIBRARY = "libc++";
				CLANG_ENABLE_MODULES = YES;
				CLANG_ENABLE_OBJC_ARC = YES;
				CLANG_ENABLE_OBJC_WEAK = YES;
				CLANG_WARN_BLOCK_CAPTURE_AUTORELEASING = YES;
				CLANG_WARN_BOOL_CONVERSION = YES;
				CLANG_WARN_COMMA = YES;
				CLANG_WARN_CONSTANT_CONVERSION = YES;
				CLANG_WARN_DEPRECATED_OBJC_IMPLEMENTATIONS = YES;
				CLANG_WARN_DIRECT_OBJC_ISA_USAGE = YES_ERROR;
				CLANG_WARN_DOCUMENTATION_COMMENTS = YES;
				CLANG_WARN_EMPTY_BODY = YES;
				CLANG_WARN_ENUM_CONVERSION = YES;
				CLANG_WARN_INFINITE_RECURSION = YES;
				CLANG_WARN_INT_CONVERSION = YES;
				CLANG_WARN_NON_LITERAL_NULL_CONVERSION = YES;
				CLANG_WARN_OBJC_IMPLICIT_RETAIN_SELF = YES;
				CLANG_WARN_OBJC_LITERAL_CONVERSION = YES;
				CLANG_WARN_OBJC_ROOT_CLASS = YES_ERROR;
				CLANG_WARN_QUOTED_INCLUDE_IN_FRAMEWORK_HEADER = YES;
				CLANG_WARN_RANGE_LOOP_ANALYSIS = YES;
				CLANG_WARN_STRICT_PROTOTYPES = YES;
				CLANG_WARN_SUSPICIOUS_MOVE = YES;
				CLANG_WARN_UNGUARDED_AVAILABILITY = YES_AGGRESSIVE;
				CLANG_WARN_UNREACHABLE_CODE = YES;
				CLANG_WARN__DUPLICATE_METHOD_MATCH = YES;
				COPY_PHASE_STRIP = NO;
				DEBUG_INFORMATION_FORMAT = dwarf;
				ENABLE_STRICT_OBJC_MSGSEND = YES;
				ENABLE_TESTABILITY = YES;
				GCC_C_LANGUAGE_STANDARD = gnu11;
				GCC_DYNAMIC_NO_PIC = NO;
				GCC_NO_COMMON_BLOCKS = YES;
				GCC_OPTIMIZATION_LEVEL = 0;
				GCC_PREPROCESSOR_DEFINITIONS = (
					"$(inherited)",
					"DEBUG=1",
				);
				GCC_WARN_64_TO_32_BIT_CONVERSION = YES;
				GCC_WARN_ABOUT_RETURN_TYPE = YES_ERROR;
				GCC_WARN_UNDECLARED_SELECTOR = YES;
				GCC_WARN_UNINITIALIZED_AUTOS = YES_AGGRESSIVE;
				GCC_WARN_UNUSED_FUNCTION = YES;
				GCC_WARN_UNUSED_VARIABLE = YES;
				MACOSX_DEPLOYMENT_TARGET = 14.0;
				MTL_ENABLE_DEBUG_INFO = INCLUDE_SOURCE;
				MTL_FAST_MATH = YES;
				ONLY_ACTIVE_ARCH = YES;
				PRODUCT_NAME = "$(TARGET_NAME)";
				SDKROOT = macosx;
				SWIFT_ACTIVE_COMPILATION_CONDITIONS = DEBUG;
				SWIFT_OPTIMIZATION_LEVEL = "-Onone";
				SWIFT_VERSION = 5.9;
			};
			name = Debug;
		};
/* End XCBuildConfiguration section */

/* Begin XCConfigurationList section */
		94162BF6A0565EFDE9F112C0 /* Build configuration list for PBXNativeTarget "FreeWhisper" */ = {
			isa = XCConfigurationList;
			buildConfigurations = (
				975F5358C8033FC1F894394E /* Debug */,
				46A0B79384355E689BD66F72 /* Release */,
			);
			defaultConfigurationIsVisible = 0;
			defaultConfigurationName = Debug;
		};
		D977F4AF4B79C8DC89779A72 /* Build configuration list for PBXProject "FreeWhisper" */ = {
			isa = XCConfigurationList;
			buildConfigurations = (
				F1FA1271D5445D48F21F8B5A /* Debug */,
				1290281B2C9F7B1CA8D85D5C /* Release */,
			);
			defaultConfigurationIsVisible = 0;
			defaultConfigurationName = Debug;
		};
		F8B80A30C15EAFFC21BD675C /* Build configuration list for PBXNativeTarget "FreeWhisperTests" */ = {
			isa = XCConfigurationList;
			buildConfigurations = (
				8F39A59945759622E62D283B /* Debug */,
				736257FAF65DB6ECEA658064 /* Release */,
			);
			defaultConfigurationIsVisible = 0;
			defaultConfigurationName = Debug;
		};
/* End XCConfigurationList section */

/* Begin XCRemoteSwiftPackageReference section */
		88249970EBAD9F88DEE7E83B /* XCRemoteSwiftPackageReference "mlx-swift-lm" */ = {
			isa = XCRemoteSwiftPackageReference;
			repositoryURL = "https://github.com/ml-explore/mlx-swift-lm";
			requirement = {
				branch = main;
				kind = branch;
			};
		};
		AC96BA330AF1EE2BFD346444 /* XCRemoteSwiftPackageReference "LaunchAtLogin-Modern" */ = {
			isa = XCRemoteSwiftPackageReference;
			repositoryURL = "https://github.com/sindresorhus/LaunchAtLogin-Modern";
			requirement = {
				kind = upToNextMajorVersion;
				minimumVersion = 1.0.0;
			};
		};
		D16768FB9243792A8708C057 /* XCRemoteSwiftPackageReference "WhisperKit" */ = {
			isa = XCRemoteSwiftPackageReference;
			repositoryURL = "https://github.com/argmaxinc/WhisperKit";
			requirement = {
				kind = upToNextMajorVersion;
				minimumVersion = 0.9.0;
			};
		};
		E2713AD68F3C7CF9A2B30888 /* XCRemoteSwiftPackageReference "KeyboardShortcuts" */ = {
			isa = XCRemoteSwiftPackageReference;
			repositoryURL = "https://github.com/sindresorhus/KeyboardShortcuts";
			requirement = {
				kind = upToNextMajorVersion;
				minimumVersion = 2.0.0;
			};
		};
/* End XCRemoteSwiftPackageReference section */

/* Begin XCSwiftPackageProductDependency section */
		3E04C9652CCAEAB6EBBC6A5A /* KeyboardShortcuts */ = {
			isa = XCSwiftPackageProductDependency;
			package = E2713AD68F3C7CF9A2B30888 /* XCRemoteSwiftPackageReference "KeyboardShortcuts" */;
			productName = KeyboardShortcuts;
		};
		6E925719F6B0448070B99D77 /* MLXLMCommon */ = {
			isa = XCSwiftPackageProductDependency;
			package = 88249970EBAD9F88DEE7E83B /* XCRemoteSwiftPackageReference "mlx-swift-lm" */;
			productName = MLXLMCommon;
		};
		81323D20FFBFF5543970223B /* LaunchAtLogin */ = {
			isa = XCSwiftPackageProductDependency;
			package = AC96BA330AF1EE2BFD346444 /* XCRemoteSwiftPackageReference "LaunchAtLogin-Modern" */;
			productName = LaunchAtLogin;
		};
		A131E4DCB51EE8DE4EFE99E6 /* WhisperKit */ = {
			isa = XCSwiftPackageProductDependency;
			package = D16768FB9243792A8708C057 /* XCRemoteSwiftPackageReference "WhisperKit" */;
			productName = WhisperKit;
		};
		E5486496E1B3A9AB3F536C2A /* MLXLLM */ = {
			isa = XCSwiftPackageProductDependency;
			package = 88249970EBAD9F88DEE7E83B /* XCRemoteSwiftPackageReference "mlx-swift-lm" */;
			productName = MLXLLM;
		};
/* End XCSwiftPackageProductDependency section */
	};
	rootObject = D9E02CABC33C8677A58C8911 /* Project object */;
}
